// !$*UTF8*$!
{
	archiveVersion = 1;
	classes = {
	};
	objectVersion = 46;
	objects = {

/* Begin PBXBuildFile section */
		271BF50313FC88F100ACBD28 /* MessageDAO.m in Sources */ = {isa = PBXBuildFile; fileRef = 271BF50213FC88F100ACBD28 /* MessageDAO.m */; };
		271BF50613FC92EF00ACBD28 /* txtField-incomplete-bg.png in Resources */ = {isa = PBXBuildFile; fileRef = 271BF50413FC92EF00ACBD28 /* txtField-incomplete-bg.png */; };
		271BF50713FC92EF00ACBD28 /* txtView-incomplete-bg.png in Resources */ = {isa = PBXBuildFile; fileRef = 271BF50513FC92EF00ACBD28 /* txtView-incomplete-bg.png */; };
		272DD0BD13D9D4F400F8EF89 /* btn-send.png in Resources */ = {isa = PBXBuildFile; fileRef = 272DD0B913D9D4F400F8EF89 /* btn-send.png */; };
		272DD0BE13D9D4F400F8EF89 /* landscape-contact.png in Resources */ = {isa = PBXBuildFile; fileRef = 272DD0BA13D9D4F400F8EF89 /* landscape-contact.png */; };
		272DD0BF13D9D4F400F8EF89 /* portrait-contact.png in Resources */ = {isa = PBXBuildFile; fileRef = 272DD0BB13D9D4F400F8EF89 /* portrait-contact.png */; };
		2731241C13D9F2310056EBA3 /* btn-checkbox-off.png in Resources */ = {isa = PBXBuildFile; fileRef = 2731241A13D9F2310056EBA3 /* btn-checkbox-off.png */; };
		2731241D13D9F2310056EBA3 /* btn-checkbox-on.png in Resources */ = {isa = PBXBuildFile; fileRef = 2731241B13D9F2310056EBA3 /* btn-checkbox-on.png */; };
		2731242413D9FCC50056EBA3 /* btn-my-library.png in Resources */ = {isa = PBXBuildFile; fileRef = 2731241E13D9FCC50056EBA3 /* btn-my-library.png */; };
		2731242513D9FCC50056EBA3 /* btn-request-hard-copy.png in Resources */ = {isa = PBXBuildFile; fileRef = 2731241F13D9FCC50056EBA3 /* btn-request-hard-copy.png */; };
		2731242613D9FCC50056EBA3 /* btn-send-by-email.png in Resources */ = {isa = PBXBuildFile; fileRef = 2731242013D9FCC50056EBA3 /* btn-send-by-email.png */; };
		2731242713D9FCC50056EBA3 /* btn-subtitle-off.png in Resources */ = {isa = PBXBuildFile; fileRef = 2731242113D9FCC50056EBA3 /* btn-subtitle-off.png */; };
		2731242813D9FCC50056EBA3 /* btn-subtitle-on.png in Resources */ = {isa = PBXBuildFile; fileRef = 2731242213D9FCC50056EBA3 /* btn-subtitle-on.png */; };
		2731242913D9FCC50056EBA3 /* img-ebook-big.png in Resources */ = {isa = PBXBuildFile; fileRef = 2731242313D9FCC50056EBA3 /* img-ebook-big.png */; };
		2731242C13D9FE820056EBA3 /* EbookController.m in Sources */ = {isa = PBXBuildFile; fileRef = 2731242B13D9FE820056EBA3 /* EbookController.m */; };
		2731243013D9FF0E0056EBA3 /* EbookController.xib in Resources */ = {isa = PBXBuildFile; fileRef = 2731242E13D9FF0E0056EBA3 /* EbookController.xib */; };
		2731243313DA249B0056EBA3 /* RequestCopyController.m in Sources */ = {isa = PBXBuildFile; fileRef = 2731243213DA249B0056EBA3 /* RequestCopyController.m */; };
		2731243713DA24B50056EBA3 /* RequestCopyController.xib in Resources */ = {isa = PBXBuildFile; fileRef = 2731243513DA24B40056EBA3 /* RequestCopyController.xib */; };
		2731243B13DA25120056EBA3 /* img-ebook-medium.png in Resources */ = {isa = PBXBuildFile; fileRef = 2731243813DA25120056EBA3 /* img-ebook-medium.png */; };
		2731243C13DA25120056EBA3 /* landscape-requestcopy.png in Resources */ = {isa = PBXBuildFile; fileRef = 2731243913DA25120056EBA3 /* landscape-requestcopy.png */; };
		2731243D13DA25120056EBA3 /* portrait-requestcopy.png in Resources */ = {isa = PBXBuildFile; fileRef = 2731243A13DA25120056EBA3 /* portrait-requestcopy.png */; };
		2731244013DB7B1B0056EBA3 /* FiltersController.m in Sources */ = {isa = PBXBuildFile; fileRef = 2731243F13DB7B1B0056EBA3 /* FiltersController.m */; };
		2731244413DB7B270056EBA3 /* FiltersController.xib in Resources */ = {isa = PBXBuildFile; fileRef = 2731244213DB7B270056EBA3 /* FiltersController.xib */; };
		2731245913DB7B460056EBA3 /* btn-category0-off.png in Resources */ = {isa = PBXBuildFile; fileRef = 2731244513DB7B430056EBA3 /* btn-category0-off.png */; };
		2731245A13DB7B460056EBA3 /* btn-category0-on.png in Resources */ = {isa = PBXBuildFile; fileRef = 2731244613DB7B430056EBA3 /* btn-category0-on.png */; };
		2731245B13DB7B460056EBA3 /* btn-category1-off.png in Resources */ = {isa = PBXBuildFile; fileRef = 2731244713DB7B430056EBA3 /* btn-category1-off.png */; };
		2731245C13DB7B460056EBA3 /* btn-category1-on.png in Resources */ = {isa = PBXBuildFile; fileRef = 2731244813DB7B430056EBA3 /* btn-category1-on.png */; };
		2731245D13DB7B460056EBA3 /* btn-category2-off.png in Resources */ = {isa = PBXBuildFile; fileRef = 2731244913DB7B430056EBA3 /* btn-category2-off.png */; };
		2731245E13DB7B460056EBA3 /* btn-category2-on.png in Resources */ = {isa = PBXBuildFile; fileRef = 2731244A13DB7B440056EBA3 /* btn-category2-on.png */; };
		2731245F13DB7B460056EBA3 /* btn-category3-off.png in Resources */ = {isa = PBXBuildFile; fileRef = 2731244B13DB7B440056EBA3 /* btn-category3-off.png */; };
		2731246013DB7B460056EBA3 /* btn-category3-on.png in Resources */ = {isa = PBXBuildFile; fileRef = 2731244C13DB7B440056EBA3 /* btn-category3-on.png */; };
		2731246113DB7B460056EBA3 /* btn-category4-off.png in Resources */ = {isa = PBXBuildFile; fileRef = 2731244D13DB7B440056EBA3 /* btn-category4-off.png */; };
		2731246213DB7B460056EBA3 /* btn-category4-on.png in Resources */ = {isa = PBXBuildFile; fileRef = 2731244E13DB7B440056EBA3 /* btn-category4-on.png */; };
		2731246313DB7B460056EBA3 /* btn-category5-off.png in Resources */ = {isa = PBXBuildFile; fileRef = 2731244F13DB7B440056EBA3 /* btn-category5-off.png */; };
		2731246413DB7B460056EBA3 /* btn-category5-on.png in Resources */ = {isa = PBXBuildFile; fileRef = 2731245013DB7B440056EBA3 /* btn-category5-on.png */; };
		2731246513DB7B460056EBA3 /* btn-category6-off.png in Resources */ = {isa = PBXBuildFile; fileRef = 2731245113DB7B440056EBA3 /* btn-category6-off.png */; };
		2731246613DB7B460056EBA3 /* btn-category6-on.png in Resources */ = {isa = PBXBuildFile; fileRef = 2731245213DB7B450056EBA3 /* btn-category6-on.png */; };
		2731246713DB7B460056EBA3 /* btn-sort1-off.png in Resources */ = {isa = PBXBuildFile; fileRef = 2731245313DB7B450056EBA3 /* btn-sort1-off.png */; };
		2731246813DB7B460056EBA3 /* btn-sort1-on.png in Resources */ = {isa = PBXBuildFile; fileRef = 2731245413DB7B450056EBA3 /* btn-sort1-on.png */; };
		2731246913DB7B460056EBA3 /* btn-sort2-off.png in Resources */ = {isa = PBXBuildFile; fileRef = 2731245513DB7B450056EBA3 /* btn-sort2-off.png */; };
		2731246A13DB7B460056EBA3 /* btn-sort2-on.png in Resources */ = {isa = PBXBuildFile; fileRef = 2731245613DB7B450056EBA3 /* btn-sort2-on.png */; };
		2731246B13DB7B460056EBA3 /* landscape-filters.png in Resources */ = {isa = PBXBuildFile; fileRef = 2731245713DB7B450056EBA3 /* landscape-filters.png */; };
		2731246C13DB7B460056EBA3 /* portrait-filters.png in Resources */ = {isa = PBXBuildFile; fileRef = 2731245813DB7B450056EBA3 /* portrait-filters.png */; };
		2731247413DB98DF0056EBA3 /* img-listing-filtered-portrait.png in Resources */ = {isa = PBXBuildFile; fileRef = 2731247213DB98DF0056EBA3 /* img-listing-filtered-portrait.png */; };
		2731247613DB998C0056EBA3 /* img-listing-filtered-landscape.png in Resources */ = {isa = PBXBuildFile; fileRef = 2731247513DB998C0056EBA3 /* img-listing-filtered-landscape.png */; };
		2731247913DC83B50056EBA3 /* LibraryController.m in Sources */ = {isa = PBXBuildFile; fileRef = 2731247813DC83B30056EBA3 /* LibraryController.m */; };
		2731247E13DC84410056EBA3 /* img-library-landscape.png in Resources */ = {isa = PBXBuildFile; fileRef = 2731247A13DC84370056EBA3 /* img-library-landscape.png */; };
		2731247F13DC84410056EBA3 /* img-library-portrait.png in Resources */ = {isa = PBXBuildFile; fileRef = 2731247B13DC84370056EBA3 /* img-library-portrait.png */; };
		2731248013DC84410056EBA3 /* landscape-library.png in Resources */ = {isa = PBXBuildFile; fileRef = 2731247C13DC843C0056EBA3 /* landscape-library.png */; };
		2731248113DC84410056EBA3 /* portrait-library.png in Resources */ = {isa = PBXBuildFile; fileRef = 2731247D13DC843E0056EBA3 /* portrait-library.png */; };
		2731248513DC86120056EBA3 /* LibraryController.xib in Resources */ = {isa = PBXBuildFile; fileRef = 2731248313DC86120056EBA3 /* LibraryController.xib */; };
		2757476313FA12790093E65C /* ServiceManager.m in Sources */ = {isa = PBXBuildFile; fileRef = 2757476213FA12790093E65C /* ServiceManager.m */; };
		2757476613FA18E60093E65C /* Version.m in Sources */ = {isa = PBXBuildFile; fileRef = 2757476513FA18E60093E65C /* Version.m */; };
		2757476913FA19300093E65C /* VersionDAO.m in Sources */ = {isa = PBXBuildFile; fileRef = 2757476813FA19300093E65C /* VersionDAO.m */; };
		2757476C13FA1BA40093E65C /* IndicatorController.m in Sources */ = {isa = PBXBuildFile; fileRef = 2757476B13FA1BA40093E65C /* IndicatorController.m */; };
		2757477013FA1CBF0093E65C /* IndicatorControllerLandscape.xib in Resources */ = {isa = PBXBuildFile; fileRef = 2757476F13FA1CBF0093E65C /* IndicatorControllerLandscape.xib */; };
		2757477213FA1D250093E65C /* IndicatorControllerPortrait.xib in Resources */ = {isa = PBXBuildFile; fileRef = 2757477113FA1D250093E65C /* IndicatorControllerPortrait.xib */; };
		275E7C0913EDA2BD00BD771A /* starter.png in Resources */ = {isa = PBXBuildFile; fileRef = 275E7C0813EDA2BD00BD771A /* starter.png */; };
		275E7C3B13F0FCA100BD771A /* btn-back.png in Resources */ = {isa = PBXBuildFile; fileRef = 275E7C3A13F0FCA100BD771A /* btn-back.png */; };
		2776ED6E140012AC0017EF4D /* CategoryDAO.m in Sources */ = {isa = PBXBuildFile; fileRef = 2776ED6B140012AC0017EF4D /* CategoryDAO.m */; };
		2776ED6F140012AC0017EF4D /* UpdatedImageDAO.m in Sources */ = {isa = PBXBuildFile; fileRef = 2776ED6D140012AC0017EF4D /* UpdatedImageDAO.m */; };
		2776ED74140012DA0017EF4D /* Category.m in Sources */ = {isa = PBXBuildFile; fileRef = 2776ED71140012DA0017EF4D /* Category.m */; };
		2776ED75140012DA0017EF4D /* UpdatedImage.m in Sources */ = {isa = PBXBuildFile; fileRef = 2776ED73140012DA0017EF4D /* UpdatedImage.m */; };
		2776ED78140012FC0017EF4D /* ServiceImage.m in Sources */ = {isa = PBXBuildFile; fileRef = 2776ED77140012FC0017EF4D /* ServiceImage.m */; };
		2776ED801400134A0017EF4D /* CAT1.png in Resources */ = {isa = PBXBuildFile; fileRef = 2776ED7A1400134A0017EF4D /* CAT1.png */; };
		2776ED811400134A0017EF4D /* CAT2.png in Resources */ = {isa = PBXBuildFile; fileRef = 2776ED7B1400134A0017EF4D /* CAT2.png */; };
		2776ED821400134A0017EF4D /* CAT3.png in Resources */ = {isa = PBXBuildFile; fileRef = 2776ED7C1400134A0017EF4D /* CAT3.png */; };
		2776ED831400134A0017EF4D /* CAT4.png in Resources */ = {isa = PBXBuildFile; fileRef = 2776ED7D1400134A0017EF4D /* CAT4.png */; };
		2776ED841400134A0017EF4D /* CAT5.png in Resources */ = {isa = PBXBuildFile; fileRef = 2776ED7E1400134A0017EF4D /* CAT5.png */; };
		2776ED851400134A0017EF4D /* CAT6.png in Resources */ = {isa = PBXBuildFile; fileRef = 2776ED7F1400134A0017EF4D /* CAT6.png */; };
		2776ED891400279D0017EF4D /* FileSystem.m in Sources */ = {isa = PBXBuildFile; fileRef = 2776ED881400279D0017EF4D /* FileSystem.m */; };
		279386F813DCC18D0006C031 /* Hot_Induction_BendEnglish.pdf in Resources */ = {isa = PBXBuildFile; fileRef = 279386F313DCC18D0006C031 /* Hot_Induction_BendEnglish.pdf */; };
		279386F913DCC18D0006C031 /* PremiumConnectionsCatalogue_ENG.pdf in Resources */ = {isa = PBXBuildFile; fileRef = 279386F413DCC18D0006C031 /* PremiumConnectionsCatalogue_ENG.pdf */; };
		279386FA13DCC18D0006C031 /* PremiumConnectionSummaryFeb16.pdf in Resources */ = {isa = PBXBuildFile; fileRef = 279386F513DCC18D0006C031 /* PremiumConnectionSummaryFeb16.pdf */; };
		279386FB13DCC18D0006C031 /* Wedge_563_brochure_Espanol_100908.pdf in Resources */ = {isa = PBXBuildFile; fileRef = 279386F613DCC18D0006C031 /* Wedge_563_brochure_Espanol_100908.pdf */; };
		279386FC13DCC18D0006C031 /* Wedge_Brochure.pdf in Resources */ = {isa = PBXBuildFile; fileRef = 279386F713DCC18D0006C031 /* Wedge_Brochure.pdf */; };
		2799ED2E13DCC27C009341C8 /* MessageUI.framework in Frameworks */ = {isa = PBXBuildFile; fileRef = 2799ED2D13DCC27C009341C8 /* MessageUI.framework */; };
		2799ED3013DCC284009341C8 /* SystemConfiguration.framework in Frameworks */ = {isa = PBXBuildFile; fileRef = 2799ED2F13DCC284009341C8 /* SystemConfiguration.framework */; };
		2799ED3213DCC28D009341C8 /* Security.framework in Frameworks */ = {isa = PBXBuildFile; fileRef = 2799ED3113DCC28D009341C8 /* Security.framework */; };
		2799ED3413DCC2A9009341C8 /* libsqlite3.dylib in Frameworks */ = {isa = PBXBuildFile; fileRef = 2799ED3313DCC2A9009341C8 /* libsqlite3.dylib */; };
		2799ED3613DCC2AF009341C8 /* CFNetwork.framework in Frameworks */ = {isa = PBXBuildFile; fileRef = 2799ED3513DCC2AF009341C8 /* CFNetwork.framework */; };
		2799ED3813DCC2B8009341C8 /* libz.1.2.3.dylib in Frameworks */ = {isa = PBXBuildFile; fileRef = 2799ED3713DCC2B8009341C8 /* libz.1.2.3.dylib */; };
		2799ED3A13DCC2C1009341C8 /* AVFoundation.framework in Frameworks */ = {isa = PBXBuildFile; fileRef = 2799ED3913DCC2C1009341C8 /* AVFoundation.framework */; };
		2799ED3C13DCC2C5009341C8 /* MobileCoreServices.framework in Frameworks */ = {isa = PBXBuildFile; fileRef = 2799ED3B13DCC2C5009341C8 /* MobileCoreServices.framework */; };
		2799ED3E13DCC2CF009341C8 /* CoreMedia.framework in Frameworks */ = {isa = PBXBuildFile; fileRef = 2799ED3D13DCC2CF009341C8 /* CoreMedia.framework */; };
		2799ED4013DCC2D5009341C8 /* QuartzCore.framework in Frameworks */ = {isa = PBXBuildFile; fileRef = 2799ED3F13DCC2D5009341C8 /* QuartzCore.framework */; };
		2799ED4213DCC2DF009341C8 /* AudioToolbox.framework in Frameworks */ = {isa = PBXBuildFile; fileRef = 2799ED4113DCC2DF009341C8 /* AudioToolbox.framework */; };
		2799ED4413DCC2E4009341C8 /* CoreVideo.framework in Frameworks */ = {isa = PBXBuildFile; fileRef = 2799ED4313DCC2E4009341C8 /* CoreVideo.framework */; };
		279E76C313F830D4001EBDC0 /* FPKReaderBundle.bundle in Resources */ = {isa = PBXBuildFile; fileRef = 279E76C213F830D4001EBDC0 /* FPKReaderBundle.bundle */; };
		279E76C513F830E7001EBDC0 /* FastPdfKit.xcconfig in Resources */ = {isa = PBXBuildFile; fileRef = 279E76C413F830E7001EBDC0 /* FastPdfKit.xcconfig */; };
		279E76C613F833B8001EBDC0 /* PDFLibrary-Info.plist in Resources */ = {isa = PBXBuildFile; fileRef = 27D23AF913D463A2000D3FD5 /* PDFLibrary-Info.plist */; };
		27B3187C13DCE48E0088B87F /* img-landscape-category.png in Resources */ = {isa = PBXBuildFile; fileRef = 27B3187813DCE48E0088B87F /* img-landscape-category.png */; };
		27B3187D13DCE48E0088B87F /* img-portrait-category.png in Resources */ = {isa = PBXBuildFile; fileRef = 27B3187913DCE48E0088B87F /* img-portrait-category.png */; };
		27B3187E13DCE48E0088B87F /* landscape-category.png in Resources */ = {isa = PBXBuildFile; fileRef = 27B3187A13DCE48E0088B87F /* landscape-category.png */; };
		27B3187F13DCE48E0088B87F /* portrait-category.png in Resources */ = {isa = PBXBuildFile; fileRef = 27B3187B13DCE48E0088B87F /* portrait-category.png */; };
		27B3188213DCE4B40088B87F /* CategoryController.m in Sources */ = {isa = PBXBuildFile; fileRef = 27B3188113DCE4B40088B87F /* CategoryController.m */; };
		27B3188613DCE7C30088B87F /* CategoryController.xib in Resources */ = {isa = PBXBuildFile; fileRef = 27B3188413DCE7C30088B87F /* CategoryController.xib */; };
		27B3189013ED9FF60088B87F /* StartUpController.xib in Resources */ = {isa = PBXBuildFile; fileRef = 27B3188F13ED9FF60088B87F /* StartUpController.xib */; };
		27B3189313EDA0210088B87F /* StartUpController.m in Sources */ = {isa = PBXBuildFile; fileRef = 27B3189213EDA0200088B87F /* StartUpController.m */; };
		27D23ACC13D45F5A000D3FD5 /* UIKit.framework in Frameworks */ = {isa = PBXBuildFile; fileRef = 27D23ACB13D45F5A000D3FD5 /* UIKit.framework */; };
		27D23ACE13D45F5A000D3FD5 /* Foundation.framework in Frameworks */ = {isa = PBXBuildFile; fileRef = 27D23ACD13D45F5A000D3FD5 /* Foundation.framework */; };
		27D23AD013D45F5A000D3FD5 /* CoreGraphics.framework in Frameworks */ = {isa = PBXBuildFile; fileRef = 27D23ACF13D45F5A000D3FD5 /* CoreGraphics.framework */; };
		27D23AE813D460FF000D3FD5 /* MainWindow.xib in Resources */ = {isa = PBXBuildFile; fileRef = 27D23AE713D460FF000D3FD5 /* MainWindow.xib */; };
		27D23AEB13D46111000D3FD5 /* PDFLibraryAppDelegate.m in Sources */ = {isa = PBXBuildFile; fileRef = 27D23AEA13D46111000D3FD5 /* PDFLibraryAppDelegate.m */; };
		27D23AF713D462DF000D3FD5 /* main.m in Sources */ = {isa = PBXBuildFile; fileRef = 27D23AF413D462DF000D3FD5 /* main.m */; };
		27D23B0113D46D9E000D3FD5 /* landscape-bg.png in Resources */ = {isa = PBXBuildFile; fileRef = 27D23B0013D46D9E000D3FD5 /* landscape-bg.png */; };
		27D23B0313D46EBD000D3FD5 /* HomeController.xib in Resources */ = {isa = PBXBuildFile; fileRef = 27D23B0213D46EBC000D3FD5 /* HomeController.xib */; };
		27D23B0613D46F29000D3FD5 /* HomeController.m in Sources */ = {isa = PBXBuildFile; fileRef = 27D23B0513D46F29000D3FD5 /* HomeController.m */; };
		27D23B0A13D46F5D000D3FD5 /* portrait-bg.png in Resources */ = {isa = PBXBuildFile; fileRef = 27D23B0913D46F5D000D3FD5 /* portrait-bg.png */; };
		27EA042213F84F4E00E6D3DE /* libsqlite3.0.dylib in Frameworks */ = {isa = PBXBuildFile; fileRef = 27EA042113F84F4E00E6D3DE /* libsqlite3.0.dylib */; };
		27EA044813F8514D00E6D3DE /* ASIAuthenticationDialog.m in Sources */ = {isa = PBXBuildFile; fileRef = 27EA043013F8514D00E6D3DE /* ASIAuthenticationDialog.m */; };
		27EA044913F8514D00E6D3DE /* ASIDataCompressor.m in Sources */ = {isa = PBXBuildFile; fileRef = 27EA043313F8514D00E6D3DE /* ASIDataCompressor.m */; };
		27EA044A13F8514D00E6D3DE /* ASIDataDecompressor.m in Sources */ = {isa = PBXBuildFile; fileRef = 27EA043513F8514D00E6D3DE /* ASIDataDecompressor.m */; };
		27EA044B13F8514D00E6D3DE /* ASIDownloadCache.m in Sources */ = {isa = PBXBuildFile; fileRef = 27EA043713F8514D00E6D3DE /* ASIDownloadCache.m */; };
		27EA044C13F8514D00E6D3DE /* ASIFormDataRequest.m in Sources */ = {isa = PBXBuildFile; fileRef = 27EA043913F8514D00E6D3DE /* ASIFormDataRequest.m */; };
		27EA044D13F8514D00E6D3DE /* ASIHTTPRequest.m in Sources */ = {isa = PBXBuildFile; fileRef = 27EA043B13F8514D00E6D3DE /* ASIHTTPRequest.m */; };
		27EA044E13F8514D00E6D3DE /* ASIInputStream.m in Sources */ = {isa = PBXBuildFile; fileRef = 27EA043F13F8514D00E6D3DE /* ASIInputStream.m */; };
		27EA044F13F8514D00E6D3DE /* ASINetworkQueue.m in Sources */ = {isa = PBXBuildFile; fileRef = 27EA044113F8514D00E6D3DE /* ASINetworkQueue.m */; };
		27EA045013F8514D00E6D3DE /* Reachability.m in Sources */ = {isa = PBXBuildFile; fileRef = 27EA044413F8514D00E6D3DE /* Reachability.m */; };
		27EA045113F8514D00E6D3DE /* JSONKit.m in Sources */ = {isa = PBXBuildFile; fileRef = 27EA044713F8514D00E6D3DE /* JSONKit.m */; };
		27EA045813F8519F00E6D3DE /* DBManager.m in Sources */ = {isa = PBXBuildFile; fileRef = 27EA045713F8519F00E6D3DE /* DBManager.m */; };
		27EA045D13F851AD00E6D3DE /* CommonDAO.m in Sources */ = {isa = PBXBuildFile; fileRef = 27EA045A13F851AD00E6D3DE /* CommonDAO.m */; };
		27EA046313F851F800E6D3DE /* Tenaris_v1.0.sql in Resources */ = {isa = PBXBuildFile; fileRef = 27EA046213F851F800E6D3DE /* Tenaris_v1.0.sql */; };
		27EA046E13F87CD200E6D3DE /* Field.m in Sources */ = {isa = PBXBuildFile; fileRef = 27EA046D13F87CD200E6D3DE /* Field.m */; };
		27EA048313F8803B00E6D3DE /* Form.m in Sources */ = {isa = PBXBuildFile; fileRef = 27EA047C13F8803A00E6D3DE /* Form.m */; };
		27EA048413F8803B00E6D3DE /* MailType.m in Sources */ = {isa = PBXBuildFile; fileRef = 27EA047E13F8803A00E6D3DE /* MailType.m */; };
		27EA048513F8803B00E6D3DE /* Message.m in Sources */ = {isa = PBXBuildFile; fileRef = 27EA048013F8803A00E6D3DE /* Message.m */; };
		27EA048613F8803B00E6D3DE /* Recipient.m in Sources */ = {isa = PBXBuildFile; fileRef = 27EA048213F8803B00E6D3DE /* Recipient.m */; };
		27EA048913F9E14500E6D3DE /* FieldDAO.m in Sources */ = {isa = PBXBuildFile; fileRef = 27EA048813F9E14500E6D3DE /* FieldDAO.m */; };
		27F537E013D4DAF100A9B2A5 /* landscape-homepage.png in Resources */ = {isa = PBXBuildFile; fileRef = 27F537DF13D4DAF100A9B2A5 /* landscape-homepage.png */; };
		27F537E313D4DC6000A9B2A5 /* landscape-homepage-featured.png in Resources */ = {isa = PBXBuildFile; fileRef = 27F537E213D4DC6000A9B2A5 /* landscape-homepage-featured.png */; };
		27F537E613D4DE0500A9B2A5 /* portrait-homepage-featured.png in Resources */ = {isa = PBXBuildFile; fileRef = 27F537E413D4DE0500A9B2A5 /* portrait-homepage-featured.png */; };
		27F537E713D4DE0500A9B2A5 /* portrait-homepage.png in Resources */ = {isa = PBXBuildFile; fileRef = 27F537E513D4DE0500A9B2A5 /* portrait-homepage.png */; };
		27F537EA13D51BA000A9B2A5 /* popover-categories.png in Resources */ = {isa = PBXBuildFile; fileRef = 27F537E813D51BA000A9B2A5 /* popover-categories.png */; };
		27F537EB13D51BA000A9B2A5 /* popover-languages.png in Resources */ = {isa = PBXBuildFile; fileRef = 27F537E913D51BA000A9B2A5 /* popover-languages.png */; };
		27F537EE13D9C25100A9B2A5 /* ContactController.m in Sources */ = {isa = PBXBuildFile; fileRef = 27F537ED13D9C25100A9B2A5 /* ContactController.m */; };
		27F537F613D9C58100A9B2A5 /* ContactController.xib in Resources */ = {isa = PBXBuildFile; fileRef = 27F537F413D9C58100A9B2A5 /* ContactController.xib */; };
		BC85626B13F1AD9C00D1D42C /* tenaris-header.png in Resources */ = {isa = PBXBuildFile; fileRef = BC85626A13F1AD9C00D1D42C /* tenaris-header.png */; };
		BC85626D13F1ADC300D1D42C /* icon.png in Resources */ = {isa = PBXBuildFile; fileRef = BC85626C13F1ADC300D1D42C /* icon.png */; };
		BC94328513F5C2730062C8CF /* LoaderLandscape.png in Resources */ = {isa = PBXBuildFile; fileRef = BC94328313F5C2730062C8CF /* LoaderLandscape.png */; };
		BC94328613F5C2730062C8CF /* LoaderPortrait.png in Resources */ = {isa = PBXBuildFile; fileRef = BC94328413F5C2730062C8CF /* LoaderPortrait.png */; };
/* End PBXBuildFile section */

/* Begin PBXContainerItemProxy section */
		279E76B613F83090001EBDC0 /* PBXContainerItemProxy */ = {
			isa = PBXContainerItemProxy;
			containerPortal = 279E76A813F83090001EBDC0 /* FastPdfKit.xcodeproj */;
			proxyType = 2;
			remoteGlobalIDString = 1D6058910D05DD3D006BFB54;
			remoteInfo = FPKSimpleApp;
		};
		279E76B813F83090001EBDC0 /* PBXContainerItemProxy */ = {
			isa = PBXContainerItemProxy;
			containerPortal = 279E76A813F83090001EBDC0 /* FastPdfKit.xcodeproj */;
			proxyType = 2;
			remoteGlobalIDString = 018848E7131E89570045038F;
			remoteInfo = FPKKioskApp;
		};
		279E76BA13F83090001EBDC0 /* PBXContainerItemProxy */ = {
			isa = PBXContainerItemProxy;
			containerPortal = 279E76A813F83090001EBDC0 /* FastPdfKit.xcodeproj */;
			proxyType = 2;
			remoteGlobalIDString = 010D14AD13CAF5CE00FD6F08;
			remoteInfo = FPKReaderLib;
		};
		279E76BC13F83090001EBDC0 /* PBXContainerItemProxy */ = {
			isa = PBXContainerItemProxy;
			containerPortal = 279E76A813F83090001EBDC0 /* FastPdfKit.xcodeproj */;
			proxyType = 2;
			remoteGlobalIDString = 010D14AE13CAF5CE00FD6F08;
			remoteInfo = FPKKioskLib;
		};
		279E76BE13F83090001EBDC0 /* PBXContainerItemProxy */ = {
			isa = PBXContainerItemProxy;
			containerPortal = 279E76A813F83090001EBDC0 /* FastPdfKit.xcodeproj */;
			proxyType = 2;
			remoteGlobalIDString = 6FB9770913CB6E76007C368C;
			remoteInfo = FPKKioskBundle;
		};
		279E76C013F83090001EBDC0 /* PBXContainerItemProxy */ = {
			isa = PBXContainerItemProxy;
			containerPortal = 279E76A813F83090001EBDC0 /* FastPdfKit.xcodeproj */;
			proxyType = 2;
			remoteGlobalIDString = 6FB9771B13CB6E8A007C368C;
			remoteInfo = FPKReaderBundle;
		};
/* End PBXContainerItemProxy section */

/* Begin PBXFileReference section */
		271BF50113FC88F100ACBD28 /* MessageDAO.h */ = {isa = PBXFileReference; fileEncoding = 4; lastKnownFileType = sourcecode.c.h; name = MessageDAO.h; path = Database/DAOs/MessageDAO.h; sourceTree = "<group>"; };
		271BF50213FC88F100ACBD28 /* MessageDAO.m */ = {isa = PBXFileReference; fileEncoding = 4; lastKnownFileType = sourcecode.c.objc; name = MessageDAO.m; path = Database/DAOs/MessageDAO.m; sourceTree = "<group>"; };
		271BF50413FC92EF00ACBD28 /* txtField-incomplete-bg.png */ = {isa = PBXFileReference; lastKnownFileType = image.png; name = "txtField-incomplete-bg.png"; path = "Resources/Images/txtField-incomplete-bg.png"; sourceTree = "<group>"; };
		271BF50513FC92EF00ACBD28 /* txtView-incomplete-bg.png */ = {isa = PBXFileReference; lastKnownFileType = image.png; name = "txtView-incomplete-bg.png"; path = "Resources/Images/txtView-incomplete-bg.png"; sourceTree = "<group>"; };
		272DD0B913D9D4F400F8EF89 /* btn-send.png */ = {isa = PBXFileReference; lastKnownFileType = image.png; name = "btn-send.png"; path = "Resources/Images/btn-send.png"; sourceTree = "<group>"; };
		272DD0BA13D9D4F400F8EF89 /* landscape-contact.png */ = {isa = PBXFileReference; lastKnownFileType = image.png; name = "landscape-contact.png"; path = "Resources/Images/landscape-contact.png"; sourceTree = "<group>"; };
		272DD0BB13D9D4F400F8EF89 /* portrait-contact.png */ = {isa = PBXFileReference; lastKnownFileType = image.png; name = "portrait-contact.png"; path = "Resources/Images/portrait-contact.png"; sourceTree = "<group>"; };
		2731241A13D9F2310056EBA3 /* btn-checkbox-off.png */ = {isa = PBXFileReference; lastKnownFileType = image.png; name = "btn-checkbox-off.png"; path = "Resources/Images/btn-checkbox-off.png"; sourceTree = "<group>"; };
		2731241B13D9F2310056EBA3 /* btn-checkbox-on.png */ = {isa = PBXFileReference; lastKnownFileType = image.png; name = "btn-checkbox-on.png"; path = "Resources/Images/btn-checkbox-on.png"; sourceTree = "<group>"; };
		2731241E13D9FCC50056EBA3 /* btn-my-library.png */ = {isa = PBXFileReference; lastKnownFileType = image.png; name = "btn-my-library.png"; path = "Resources/Images/btn-my-library.png"; sourceTree = "<group>"; };
		2731241F13D9FCC50056EBA3 /* btn-request-hard-copy.png */ = {isa = PBXFileReference; lastKnownFileType = image.png; name = "btn-request-hard-copy.png"; path = "Resources/Images/btn-request-hard-copy.png"; sourceTree = "<group>"; };
		2731242013D9FCC50056EBA3 /* btn-send-by-email.png */ = {isa = PBXFileReference; lastKnownFileType = image.png; name = "btn-send-by-email.png"; path = "Resources/Images/btn-send-by-email.png"; sourceTree = "<group>"; };
		2731242113D9FCC50056EBA3 /* btn-subtitle-off.png */ = {isa = PBXFileReference; lastKnownFileType = image.png; name = "btn-subtitle-off.png"; path = "Resources/Images/btn-subtitle-off.png"; sourceTree = "<group>"; };
		2731242213D9FCC50056EBA3 /* btn-subtitle-on.png */ = {isa = PBXFileReference; lastKnownFileType = image.png; name = "btn-subtitle-on.png"; path = "Resources/Images/btn-subtitle-on.png"; sourceTree = "<group>"; };
		2731242313D9FCC50056EBA3 /* img-ebook-big.png */ = {isa = PBXFileReference; lastKnownFileType = image.png; name = "img-ebook-big.png"; path = "Resources/Images/img-ebook-big.png"; sourceTree = "<group>"; };
		2731242A13D9FE820056EBA3 /* EbookController.h */ = {isa = PBXFileReference; fileEncoding = 4; lastKnownFileType = sourcecode.c.h; name = EbookController.h; path = Controllers/EbookController.h; sourceTree = "<group>"; };
		2731242B13D9FE820056EBA3 /* EbookController.m */ = {isa = PBXFileReference; fileEncoding = 4; lastKnownFileType = sourcecode.c.objc; name = EbookController.m; path = Controllers/EbookController.m; sourceTree = "<group>"; };
		2731242E13D9FF0E0056EBA3 /* EbookController.xib */ = {isa = PBXFileReference; fileEncoding = 4; lastKnownFileType = file.xib; name = EbookController.xib; path = XIBs/EbookController.xib; sourceTree = "<group>"; };
		2731243113DA249B0056EBA3 /* RequestCopyController.h */ = {isa = PBXFileReference; fileEncoding = 4; lastKnownFileType = sourcecode.c.h; name = RequestCopyController.h; path = Controllers/RequestCopyController.h; sourceTree = "<group>"; };
		2731243213DA249B0056EBA3 /* RequestCopyController.m */ = {isa = PBXFileReference; fileEncoding = 4; lastKnownFileType = sourcecode.c.objc; name = RequestCopyController.m; path = Controllers/RequestCopyController.m; sourceTree = "<group>"; };
		2731243513DA24B40056EBA3 /* RequestCopyController.xib */ = {isa = PBXFileReference; fileEncoding = 4; lastKnownFileType = file.xib; name = RequestCopyController.xib; path = XIBs/RequestCopyController.xib; sourceTree = "<group>"; };
		2731243813DA25120056EBA3 /* img-ebook-medium.png */ = {isa = PBXFileReference; lastKnownFileType = image.png; name = "img-ebook-medium.png"; path = "Resources/Images/img-ebook-medium.png"; sourceTree = "<group>"; };
		2731243913DA25120056EBA3 /* landscape-requestcopy.png */ = {isa = PBXFileReference; lastKnownFileType = image.png; name = "landscape-requestcopy.png"; path = "Resources/Images/landscape-requestcopy.png"; sourceTree = "<group>"; };
		2731243A13DA25120056EBA3 /* portrait-requestcopy.png */ = {isa = PBXFileReference; lastKnownFileType = image.png; name = "portrait-requestcopy.png"; path = "Resources/Images/portrait-requestcopy.png"; sourceTree = "<group>"; };
		2731243E13DB7B1B0056EBA3 /* FiltersController.h */ = {isa = PBXFileReference; fileEncoding = 4; lastKnownFileType = sourcecode.c.h; name = FiltersController.h; path = Controllers/FiltersController.h; sourceTree = "<group>"; };
		2731243F13DB7B1B0056EBA3 /* FiltersController.m */ = {isa = PBXFileReference; fileEncoding = 4; lastKnownFileType = sourcecode.c.objc; name = FiltersController.m; path = Controllers/FiltersController.m; sourceTree = "<group>"; };
		2731244213DB7B270056EBA3 /* FiltersController.xib */ = {isa = PBXFileReference; fileEncoding = 4; lastKnownFileType = file.xib; name = FiltersController.xib; path = XIBs/FiltersController.xib; sourceTree = "<group>"; };
		2731244513DB7B430056EBA3 /* btn-category0-off.png */ = {isa = PBXFileReference; lastKnownFileType = image.png; name = "btn-category0-off.png"; path = "Resources/Images/btn-category0-off.png"; sourceTree = "<group>"; };
		2731244613DB7B430056EBA3 /* btn-category0-on.png */ = {isa = PBXFileReference; lastKnownFileType = image.png; name = "btn-category0-on.png"; path = "Resources/Images/btn-category0-on.png"; sourceTree = "<group>"; };
		2731244713DB7B430056EBA3 /* btn-category1-off.png */ = {isa = PBXFileReference; lastKnownFileType = image.png; name = "btn-category1-off.png"; path = "Resources/Images/btn-category1-off.png"; sourceTree = "<group>"; };
		2731244813DB7B430056EBA3 /* btn-category1-on.png */ = {isa = PBXFileReference; lastKnownFileType = image.png; name = "btn-category1-on.png"; path = "Resources/Images/btn-category1-on.png"; sourceTree = "<group>"; };
		2731244913DB7B430056EBA3 /* btn-category2-off.png */ = {isa = PBXFileReference; lastKnownFileType = image.png; name = "btn-category2-off.png"; path = "Resources/Images/btn-category2-off.png"; sourceTree = "<group>"; };
		2731244A13DB7B440056EBA3 /* btn-category2-on.png */ = {isa = PBXFileReference; lastKnownFileType = image.png; name = "btn-category2-on.png"; path = "Resources/Images/btn-category2-on.png"; sourceTree = "<group>"; };
		2731244B13DB7B440056EBA3 /* btn-category3-off.png */ = {isa = PBXFileReference; lastKnownFileType = image.png; name = "btn-category3-off.png"; path = "Resources/Images/btn-category3-off.png"; sourceTree = "<group>"; };
		2731244C13DB7B440056EBA3 /* btn-category3-on.png */ = {isa = PBXFileReference; lastKnownFileType = image.png; name = "btn-category3-on.png"; path = "Resources/Images/btn-category3-on.png"; sourceTree = "<group>"; };
		2731244D13DB7B440056EBA3 /* btn-category4-off.png */ = {isa = PBXFileReference; lastKnownFileType = image.png; name = "btn-category4-off.png"; path = "Resources/Images/btn-category4-off.png"; sourceTree = "<group>"; };
		2731244E13DB7B440056EBA3 /* btn-category4-on.png */ = {isa = PBXFileReference; lastKnownFileType = image.png; name = "btn-category4-on.png"; path = "Resources/Images/btn-category4-on.png"; sourceTree = "<group>"; };
		2731244F13DB7B440056EBA3 /* btn-category5-off.png */ = {isa = PBXFileReference; lastKnownFileType = image.png; name = "btn-category5-off.png"; path = "Resources/Images/btn-category5-off.png"; sourceTree = "<group>"; };
		2731245013DB7B440056EBA3 /* btn-category5-on.png */ = {isa = PBXFileReference; lastKnownFileType = image.png; name = "btn-category5-on.png"; path = "Resources/Images/btn-category5-on.png"; sourceTree = "<group>"; };
		2731245113DB7B440056EBA3 /* btn-category6-off.png */ = {isa = PBXFileReference; lastKnownFileType = image.png; name = "btn-category6-off.png"; path = "Resources/Images/btn-category6-off.png"; sourceTree = "<group>"; };
		2731245213DB7B450056EBA3 /* btn-category6-on.png */ = {isa = PBXFileReference; lastKnownFileType = image.png; name = "btn-category6-on.png"; path = "Resources/Images/btn-category6-on.png"; sourceTree = "<group>"; };
		2731245313DB7B450056EBA3 /* btn-sort1-off.png */ = {isa = PBXFileReference; lastKnownFileType = image.png; name = "btn-sort1-off.png"; path = "Resources/Images/btn-sort1-off.png"; sourceTree = "<group>"; };
		2731245413DB7B450056EBA3 /* btn-sort1-on.png */ = {isa = PBXFileReference; lastKnownFileType = image.png; name = "btn-sort1-on.png"; path = "Resources/Images/btn-sort1-on.png"; sourceTree = "<group>"; };
		2731245513DB7B450056EBA3 /* btn-sort2-off.png */ = {isa = PBXFileReference; lastKnownFileType = image.png; name = "btn-sort2-off.png"; path = "Resources/Images/btn-sort2-off.png"; sourceTree = "<group>"; };
		2731245613DB7B450056EBA3 /* btn-sort2-on.png */ = {isa = PBXFileReference; lastKnownFileType = image.png; name = "btn-sort2-on.png"; path = "Resources/Images/btn-sort2-on.png"; sourceTree = "<group>"; };
		2731245713DB7B450056EBA3 /* landscape-filters.png */ = {isa = PBXFileReference; lastKnownFileType = image.png; name = "landscape-filters.png"; path = "Resources/Images/landscape-filters.png"; sourceTree = "<group>"; };
		2731245813DB7B450056EBA3 /* portrait-filters.png */ = {isa = PBXFileReference; lastKnownFileType = image.png; name = "portrait-filters.png"; path = "Resources/Images/portrait-filters.png"; sourceTree = "<group>"; };
		2731247213DB98DF0056EBA3 /* img-listing-filtered-portrait.png */ = {isa = PBXFileReference; lastKnownFileType = image.png; name = "img-listing-filtered-portrait.png"; path = "Resources/Images/img-listing-filtered-portrait.png"; sourceTree = "<group>"; };
		2731247513DB998C0056EBA3 /* img-listing-filtered-landscape.png */ = {isa = PBXFileReference; lastKnownFileType = image.png; name = "img-listing-filtered-landscape.png"; path = "Resources/Images/img-listing-filtered-landscape.png"; sourceTree = "<group>"; };
		2731247713DC83B10056EBA3 /* LibraryController.h */ = {isa = PBXFileReference; fileEncoding = 4; lastKnownFileType = sourcecode.c.h; name = LibraryController.h; path = Controllers/LibraryController.h; sourceTree = "<group>"; };
		2731247813DC83B30056EBA3 /* LibraryController.m */ = {isa = PBXFileReference; fileEncoding = 4; lastKnownFileType = sourcecode.c.objc; name = LibraryController.m; path = Controllers/LibraryController.m; sourceTree = "<group>"; };
		2731247A13DC84370056EBA3 /* img-library-landscape.png */ = {isa = PBXFileReference; lastKnownFileType = image.png; name = "img-library-landscape.png"; path = "Resources/Images/img-library-landscape.png"; sourceTree = "<group>"; };
		2731247B13DC84370056EBA3 /* img-library-portrait.png */ = {isa = PBXFileReference; lastKnownFileType = image.png; name = "img-library-portrait.png"; path = "Resources/Images/img-library-portrait.png"; sourceTree = "<group>"; };
		2731247C13DC843C0056EBA3 /* landscape-library.png */ = {isa = PBXFileReference; lastKnownFileType = image.png; name = "landscape-library.png"; path = "Resources/Images/landscape-library.png"; sourceTree = "<group>"; };
		2731247D13DC843E0056EBA3 /* portrait-library.png */ = {isa = PBXFileReference; lastKnownFileType = image.png; name = "portrait-library.png"; path = "Resources/Images/portrait-library.png"; sourceTree = "<group>"; };
		2731248313DC86120056EBA3 /* LibraryController.xib */ = {isa = PBXFileReference; fileEncoding = 4; lastKnownFileType = file.xib; name = LibraryController.xib; path = XIBs/LibraryController.xib; sourceTree = "<group>"; };
		2757476113FA12790093E65C /* ServiceManager.h */ = {isa = PBXFileReference; fileEncoding = 4; lastKnownFileType = sourcecode.c.h; name = ServiceManager.h; path = Services/Core/ServiceManager.h; sourceTree = "<group>"; };
		2757476213FA12790093E65C /* ServiceManager.m */ = {isa = PBXFileReference; fileEncoding = 4; lastKnownFileType = sourcecode.c.objc; name = ServiceManager.m; path = Services/Core/ServiceManager.m; sourceTree = "<group>"; };
		2757476413FA18E60093E65C /* Version.h */ = {isa = PBXFileReference; fileEncoding = 4; lastKnownFileType = sourcecode.c.h; name = Version.h; path = Database/Domain/Version.h; sourceTree = "<group>"; };
		2757476513FA18E60093E65C /* Version.m */ = {isa = PBXFileReference; fileEncoding = 4; lastKnownFileType = sourcecode.c.objc; name = Version.m; path = Database/Domain/Version.m; sourceTree = "<group>"; };
		2757476713FA19300093E65C /* VersionDAO.h */ = {isa = PBXFileReference; fileEncoding = 4; lastKnownFileType = sourcecode.c.h; name = VersionDAO.h; path = Database/DAOs/VersionDAO.h; sourceTree = "<group>"; };
		2757476813FA19300093E65C /* VersionDAO.m */ = {isa = PBXFileReference; fileEncoding = 4; lastKnownFileType = sourcecode.c.objc; name = VersionDAO.m; path = Database/DAOs/VersionDAO.m; sourceTree = "<group>"; };
		2757476A13FA1BA40093E65C /* IndicatorController.h */ = {isa = PBXFileReference; fileEncoding = 4; lastKnownFileType = sourcecode.c.h; name = IndicatorController.h; path = Controllers/IndicatorController.h; sourceTree = "<group>"; };
		2757476B13FA1BA40093E65C /* IndicatorController.m */ = {isa = PBXFileReference; fileEncoding = 4; lastKnownFileType = sourcecode.c.objc; name = IndicatorController.m; path = Controllers/IndicatorController.m; sourceTree = "<group>"; };
		2757476F13FA1CBF0093E65C /* IndicatorControllerLandscape.xib */ = {isa = PBXFileReference; fileEncoding = 4; lastKnownFileType = file.xib; name = IndicatorControllerLandscape.xib; path = XIBs/IndicatorControllerLandscape.xib; sourceTree = "<group>"; };
		2757477113FA1D250093E65C /* IndicatorControllerPortrait.xib */ = {isa = PBXFileReference; fileEncoding = 4; lastKnownFileType = file.xib; name = IndicatorControllerPortrait.xib; path = XIBs/IndicatorControllerPortrait.xib; sourceTree = "<group>"; };
		275E7C0813EDA2BD00BD771A /* starter.png */ = {isa = PBXFileReference; lastKnownFileType = image.png; name = starter.png; path = Resources/Images/starter.png; sourceTree = "<group>"; };
		275E7C3A13F0FCA100BD771A /* btn-back.png */ = {isa = PBXFileReference; lastKnownFileType = image.png; name = "btn-back.png"; path = "Resources/Images/btn-back.png"; sourceTree = "<group>"; };
		2776ED6A140012AC0017EF4D /* CategoryDAO.h */ = {isa = PBXFileReference; fileEncoding = 4; lastKnownFileType = sourcecode.c.h; name = CategoryDAO.h; path = Database/DAOs/CategoryDAO.h; sourceTree = "<group>"; };
		2776ED6B140012AC0017EF4D /* CategoryDAO.m */ = {isa = PBXFileReference; fileEncoding = 4; lastKnownFileType = sourcecode.c.objc; name = CategoryDAO.m; path = Database/DAOs/CategoryDAO.m; sourceTree = "<group>"; };
		2776ED6C140012AC0017EF4D /* UpdatedImageDAO.h */ = {isa = PBXFileReference; fileEncoding = 4; lastKnownFileType = sourcecode.c.h; name = UpdatedImageDAO.h; path = Database/DAOs/UpdatedImageDAO.h; sourceTree = "<group>"; };
		2776ED6D140012AC0017EF4D /* UpdatedImageDAO.m */ = {isa = PBXFileReference; fileEncoding = 4; lastKnownFileType = sourcecode.c.objc; name = UpdatedImageDAO.m; path = Database/DAOs/UpdatedImageDAO.m; sourceTree = "<group>"; };
		2776ED70140012DA0017EF4D /* Category.h */ = {isa = PBXFileReference; fileEncoding = 4; lastKnownFileType = sourcecode.c.h; name = Category.h; path = Database/Domain/Category.h; sourceTree = "<group>"; };
		2776ED71140012DA0017EF4D /* Category.m */ = {isa = PBXFileReference; fileEncoding = 4; lastKnownFileType = sourcecode.c.objc; name = Category.m; path = Database/Domain/Category.m; sourceTree = "<group>"; };
		2776ED72140012DA0017EF4D /* UpdatedImage.h */ = {isa = PBXFileReference; fileEncoding = 4; lastKnownFileType = sourcecode.c.h; name = UpdatedImage.h; path = Database/Domain/UpdatedImage.h; sourceTree = "<group>"; };
		2776ED73140012DA0017EF4D /* UpdatedImage.m */ = {isa = PBXFileReference; fileEncoding = 4; lastKnownFileType = sourcecode.c.objc; name = UpdatedImage.m; path = Database/Domain/UpdatedImage.m; sourceTree = "<group>"; };
		2776ED76140012FC0017EF4D /* ServiceImage.h */ = {isa = PBXFileReference; fileEncoding = 4; lastKnownFileType = sourcecode.c.h; name = ServiceImage.h; path = Services/Core/ServiceImage.h; sourceTree = "<group>"; };
		2776ED77140012FC0017EF4D /* ServiceImage.m */ = {isa = PBXFileReference; fileEncoding = 4; lastKnownFileType = sourcecode.c.objc; name = ServiceImage.m; path = Services/Core/ServiceImage.m; sourceTree = "<group>"; };
		2776ED7A1400134A0017EF4D /* CAT1.png */ = {isa = PBXFileReference; lastKnownFileType = image.png; name = CAT1.png; path = Resources/Images/categories/CAT1.png; sourceTree = "<group>"; };
		2776ED7B1400134A0017EF4D /* CAT2.png */ = {isa = PBXFileReference; lastKnownFileType = image.png; name = CAT2.png; path = Resources/Images/categories/CAT2.png; sourceTree = "<group>"; };
		2776ED7C1400134A0017EF4D /* CAT3.png */ = {isa = PBXFileReference; lastKnownFileType = image.png; name = CAT3.png; path = Resources/Images/categories/CAT3.png; sourceTree = "<group>"; };
		2776ED7D1400134A0017EF4D /* CAT4.png */ = {isa = PBXFileReference; lastKnownFileType = image.png; name = CAT4.png; path = Resources/Images/categories/CAT4.png; sourceTree = "<group>"; };
		2776ED7E1400134A0017EF4D /* CAT5.png */ = {isa = PBXFileReference; lastKnownFileType = image.png; name = CAT5.png; path = Resources/Images/categories/CAT5.png; sourceTree = "<group>"; };
		2776ED7F1400134A0017EF4D /* CAT6.png */ = {isa = PBXFileReference; lastKnownFileType = image.png; name = CAT6.png; path = Resources/Images/categories/CAT6.png; sourceTree = "<group>"; };
		2776ED871400279D0017EF4D /* FileSystem.h */ = {isa = PBXFileReference; fileEncoding = 4; lastKnownFileType = sourcecode.c.h; name = FileSystem.h; path = Resources/tools/FileSystem.h; sourceTree = "<group>"; };
		2776ED881400279D0017EF4D /* FileSystem.m */ = {isa = PBXFileReference; fileEncoding = 4; lastKnownFileType = sourcecode.c.objc; name = FileSystem.m; path = Resources/tools/FileSystem.m; sourceTree = "<group>"; };
		279386F313DCC18D0006C031 /* Hot_Induction_BendEnglish.pdf */ = {isa = PBXFileReference; lastKnownFileType = image.pdf; name = Hot_Induction_BendEnglish.pdf; path = "Resources/PDFs Sample/Hot_Induction_BendEnglish.pdf"; sourceTree = "<group>"; };
		279386F413DCC18D0006C031 /* PremiumConnectionsCatalogue_ENG.pdf */ = {isa = PBXFileReference; lastKnownFileType = image.pdf; name = PremiumConnectionsCatalogue_ENG.pdf; path = "Resources/PDFs Sample/PremiumConnectionsCatalogue_ENG.pdf"; sourceTree = "<group>"; };
		279386F513DCC18D0006C031 /* PremiumConnectionSummaryFeb16.pdf */ = {isa = PBXFileReference; lastKnownFileType = image.pdf; name = PremiumConnectionSummaryFeb16.pdf; path = "Resources/PDFs Sample/PremiumConnectionSummaryFeb16.pdf"; sourceTree = "<group>"; };
		279386F613DCC18D0006C031 /* Wedge_563_brochure_Espanol_100908.pdf */ = {isa = PBXFileReference; lastKnownFileType = image.pdf; name = Wedge_563_brochure_Espanol_100908.pdf; path = "Resources/PDFs Sample/Wedge_563_brochure_Espanol_100908.pdf"; sourceTree = "<group>"; };
		279386F713DCC18D0006C031 /* Wedge_Brochure.pdf */ = {isa = PBXFileReference; lastKnownFileType = image.pdf; name = Wedge_Brochure.pdf; path = "Resources/PDFs Sample/Wedge_Brochure.pdf"; sourceTree = "<group>"; };
		2799ED2D13DCC27C009341C8 /* MessageUI.framework */ = {isa = PBXFileReference; lastKnownFileType = wrapper.framework; name = MessageUI.framework; path = System/Library/Frameworks/MessageUI.framework; sourceTree = SDKROOT; };
		2799ED2F13DCC284009341C8 /* SystemConfiguration.framework */ = {isa = PBXFileReference; lastKnownFileType = wrapper.framework; name = SystemConfiguration.framework; path = System/Library/Frameworks/SystemConfiguration.framework; sourceTree = SDKROOT; };
		2799ED3113DCC28D009341C8 /* Security.framework */ = {isa = PBXFileReference; lastKnownFileType = wrapper.framework; name = Security.framework; path = System/Library/Frameworks/Security.framework; sourceTree = SDKROOT; };
		2799ED3313DCC2A9009341C8 /* libsqlite3.dylib */ = {isa = PBXFileReference; lastKnownFileType = "compiled.mach-o.dylib"; name = libsqlite3.dylib; path = usr/lib/libsqlite3.dylib; sourceTree = SDKROOT; };
		2799ED3513DCC2AF009341C8 /* CFNetwork.framework */ = {isa = PBXFileReference; lastKnownFileType = wrapper.framework; name = CFNetwork.framework; path = System/Library/Frameworks/CFNetwork.framework; sourceTree = SDKROOT; };
		2799ED3713DCC2B8009341C8 /* libz.1.2.3.dylib */ = {isa = PBXFileReference; lastKnownFileType = "compiled.mach-o.dylib"; name = libz.1.2.3.dylib; path = usr/lib/libz.1.2.3.dylib; sourceTree = SDKROOT; };
		2799ED3913DCC2C1009341C8 /* AVFoundation.framework */ = {isa = PBXFileReference; lastKnownFileType = wrapper.framework; name = AVFoundation.framework; path = System/Library/Frameworks/AVFoundation.framework; sourceTree = SDKROOT; };
		2799ED3B13DCC2C5009341C8 /* MobileCoreServices.framework */ = {isa = PBXFileReference; lastKnownFileType = wrapper.framework; name = MobileCoreServices.framework; path = System/Library/Frameworks/MobileCoreServices.framework; sourceTree = SDKROOT; };
		2799ED3D13DCC2CF009341C8 /* CoreMedia.framework */ = {isa = PBXFileReference; lastKnownFileType = wrapper.framework; name = CoreMedia.framework; path = System/Library/Frameworks/CoreMedia.framework; sourceTree = SDKROOT; };
		2799ED3F13DCC2D5009341C8 /* QuartzCore.framework */ = {isa = PBXFileReference; lastKnownFileType = wrapper.framework; name = QuartzCore.framework; path = System/Library/Frameworks/QuartzCore.framework; sourceTree = SDKROOT; };
		2799ED4113DCC2DF009341C8 /* AudioToolbox.framework */ = {isa = PBXFileReference; lastKnownFileType = wrapper.framework; name = AudioToolbox.framework; path = System/Library/Frameworks/AudioToolbox.framework; sourceTree = SDKROOT; };
		2799ED4313DCC2E4009341C8 /* CoreVideo.framework */ = {isa = PBXFileReference; lastKnownFileType = wrapper.framework; name = CoreVideo.framework; path = System/Library/Frameworks/CoreVideo.framework; sourceTree = SDKROOT; };
		279E76A813F83090001EBDC0 /* FastPdfKit.xcodeproj */ = {isa = PBXFileReference; lastKnownFileType = "wrapper.pb-project"; name = FastPdfKit.xcodeproj; path = ../../FastPdfKit/FastPdfKit.xcodeproj; sourceTree = "<group>"; };
		279E76C213F830D4001EBDC0 /* FPKReaderBundle.bundle */ = {isa = PBXFileReference; lastKnownFileType = "wrapper.plug-in"; name = FPKReaderBundle.bundle; path = ../../../FastPdfKit/Bundle/FPKReaderBundle.bundle; sourceTree = "<group>"; };
		279E76C413F830E7001EBDC0 /* FastPdfKit.xcconfig */ = {isa = PBXFileReference; fileEncoding = 4; lastKnownFileType = text.xcconfig; name = FastPdfKit.xcconfig; path = ../../../FastPdfKit/OtherSources/FastPdfKit.xcconfig; sourceTree = "<group>"; };
		27B3187813DCE48E0088B87F /* img-landscape-category.png */ = {isa = PBXFileReference; lastKnownFileType = image.png; name = "img-landscape-category.png"; path = "Resources/Images/img-landscape-category.png"; sourceTree = "<group>"; };
		27B3187913DCE48E0088B87F /* img-portrait-category.png */ = {isa = PBXFileReference; lastKnownFileType = image.png; name = "img-portrait-category.png"; path = "Resources/Images/img-portrait-category.png"; sourceTree = "<group>"; };
		27B3187A13DCE48E0088B87F /* landscape-category.png */ = {isa = PBXFileReference; lastKnownFileType = image.png; name = "landscape-category.png"; path = "Resources/Images/landscape-category.png"; sourceTree = "<group>"; };
		27B3187B13DCE48E0088B87F /* portrait-category.png */ = {isa = PBXFileReference; lastKnownFileType = image.png; name = "portrait-category.png"; path = "Resources/Images/portrait-category.png"; sourceTree = "<group>"; };
		27B3188013DCE4B40088B87F /* CategoryController.h */ = {isa = PBXFileReference; fileEncoding = 4; lastKnownFileType = sourcecode.c.h; name = CategoryController.h; path = Controllers/CategoryController.h; sourceTree = "<group>"; };
		27B3188113DCE4B40088B87F /* CategoryController.m */ = {isa = PBXFileReference; fileEncoding = 4; lastKnownFileType = sourcecode.c.objc; name = CategoryController.m; path = Controllers/CategoryController.m; sourceTree = "<group>"; };
		27B3188413DCE7C30088B87F /* CategoryController.xib */ = {isa = PBXFileReference; fileEncoding = 4; lastKnownFileType = file.xib; name = CategoryController.xib; path = XIBs/CategoryController.xib; sourceTree = "<group>"; };
		27B3188F13ED9FF60088B87F /* StartUpController.xib */ = {isa = PBXFileReference; fileEncoding = 4; lastKnownFileType = file.xib; name = StartUpController.xib; path = XIBs/StartUpController.xib; sourceTree = "<group>"; };
		27B3189113EDA0200088B87F /* StartUpController.h */ = {isa = PBXFileReference; fileEncoding = 4; lastKnownFileType = sourcecode.c.h; name = StartUpController.h; path = Controllers/StartUpController.h; sourceTree = "<group>"; };
		27B3189213EDA0200088B87F /* StartUpController.m */ = {isa = PBXFileReference; fileEncoding = 4; lastKnownFileType = sourcecode.c.objc; name = StartUpController.m; path = Controllers/StartUpController.m; sourceTree = "<group>"; };
		27D23AC713D45F5A000D3FD5 /* PDFLibrary.app */ = {isa = PBXFileReference; explicitFileType = wrapper.application; includeInIndex = 0; path = PDFLibrary.app; sourceTree = BUILT_PRODUCTS_DIR; };
		27D23ACB13D45F5A000D3FD5 /* UIKit.framework */ = {isa = PBXFileReference; lastKnownFileType = wrapper.framework; name = UIKit.framework; path = System/Library/Frameworks/UIKit.framework; sourceTree = SDKROOT; };
		27D23ACD13D45F5A000D3FD5 /* Foundation.framework */ = {isa = PBXFileReference; lastKnownFileType = wrapper.framework; name = Foundation.framework; path = System/Library/Frameworks/Foundation.framework; sourceTree = SDKROOT; };
		27D23ACF13D45F5A000D3FD5 /* CoreGraphics.framework */ = {isa = PBXFileReference; lastKnownFileType = wrapper.framework; name = CoreGraphics.framework; path = System/Library/Frameworks/CoreGraphics.framework; sourceTree = SDKROOT; };
		27D23AE713D460FF000D3FD5 /* MainWindow.xib */ = {isa = PBXFileReference; fileEncoding = 4; lastKnownFileType = file.xib; name = MainWindow.xib; path = XIBs/MainWindow.xib; sourceTree = "<group>"; };
		27D23AE913D46111000D3FD5 /* PDFLibraryAppDelegate.h */ = {isa = PBXFileReference; fileEncoding = 4; lastKnownFileType = sourcecode.c.h; name = PDFLibraryAppDelegate.h; path = Core/PDFLibraryAppDelegate.h; sourceTree = "<group>"; };
		27D23AEA13D46111000D3FD5 /* PDFLibraryAppDelegate.m */ = {isa = PBXFileReference; fileEncoding = 4; lastKnownFileType = sourcecode.c.objc; name = PDFLibraryAppDelegate.m; path = Core/PDFLibraryAppDelegate.m; sourceTree = "<group>"; };
		27D23AF413D462DF000D3FD5 /* main.m */ = {isa = PBXFileReference; fileEncoding = 4; lastKnownFileType = sourcecode.c.objc; path = main.m; sourceTree = "<group>"; };
		27D23AF613D462DF000D3FD5 /* PDFLibrary-Prefix.pch */ = {isa = PBXFileReference; fileEncoding = 4; lastKnownFileType = sourcecode.c.h; path = "PDFLibrary-Prefix.pch"; sourceTree = "<group>"; };
		27D23AF913D463A2000D3FD5 /* PDFLibrary-Info.plist */ = {isa = PBXFileReference; fileEncoding = 4; lastKnownFileType = text.plist.xml; path = "PDFLibrary-Info.plist"; sourceTree = "<group>"; };
		27D23B0013D46D9E000D3FD5 /* landscape-bg.png */ = {isa = PBXFileReference; lastKnownFileType = image.png; name = "landscape-bg.png"; path = "Resources/Images/landscape-bg.png"; sourceTree = "<group>"; };
		27D23B0213D46EBC000D3FD5 /* HomeController.xib */ = {isa = PBXFileReference; fileEncoding = 4; lastKnownFileType = file.xib; name = HomeController.xib; path = XIBs/HomeController.xib; sourceTree = "<group>"; };
		27D23B0413D46F29000D3FD5 /* HomeController.h */ = {isa = PBXFileReference; fileEncoding = 4; lastKnownFileType = sourcecode.c.h; name = HomeController.h; path = Controllers/HomeController.h; sourceTree = "<group>"; };
		27D23B0513D46F29000D3FD5 /* HomeController.m */ = {isa = PBXFileReference; fileEncoding = 4; lastKnownFileType = sourcecode.c.objc; name = HomeController.m; path = Controllers/HomeController.m; sourceTree = "<group>"; };
		27D23B0913D46F5D000D3FD5 /* portrait-bg.png */ = {isa = PBXFileReference; lastKnownFileType = image.png; name = "portrait-bg.png"; path = "Resources/Images/portrait-bg.png"; sourceTree = "<group>"; };
		27EA042113F84F4E00E6D3DE /* libsqlite3.0.dylib */ = {isa = PBXFileReference; lastKnownFileType = "compiled.mach-o.dylib"; name = libsqlite3.0.dylib; path = usr/lib/libsqlite3.0.dylib; sourceTree = SDKROOT; };
		27EA042F13F8514D00E6D3DE /* ASIAuthenticationDialog.h */ = {isa = PBXFileReference; fileEncoding = 4; lastKnownFileType = sourcecode.c.h; path = ASIAuthenticationDialog.h; sourceTree = "<group>"; };
		27EA043013F8514D00E6D3DE /* ASIAuthenticationDialog.m */ = {isa = PBXFileReference; fileEncoding = 4; lastKnownFileType = sourcecode.c.objc; path = ASIAuthenticationDialog.m; sourceTree = "<group>"; };
		27EA043113F8514D00E6D3DE /* ASICacheDelegate.h */ = {isa = PBXFileReference; fileEncoding = 4; lastKnownFileType = sourcecode.c.h; path = ASICacheDelegate.h; sourceTree = "<group>"; };
		27EA043213F8514D00E6D3DE /* ASIDataCompressor.h */ = {isa = PBXFileReference; fileEncoding = 4; lastKnownFileType = sourcecode.c.h; path = ASIDataCompressor.h; sourceTree = "<group>"; };
		27EA043313F8514D00E6D3DE /* ASIDataCompressor.m */ = {isa = PBXFileReference; fileEncoding = 4; lastKnownFileType = sourcecode.c.objc; path = ASIDataCompressor.m; sourceTree = "<group>"; };
		27EA043413F8514D00E6D3DE /* ASIDataDecompressor.h */ = {isa = PBXFileReference; fileEncoding = 4; lastKnownFileType = sourcecode.c.h; path = ASIDataDecompressor.h; sourceTree = "<group>"; };
		27EA043513F8514D00E6D3DE /* ASIDataDecompressor.m */ = {isa = PBXFileReference; fileEncoding = 4; lastKnownFileType = sourcecode.c.objc; path = ASIDataDecompressor.m; sourceTree = "<group>"; };
		27EA043613F8514D00E6D3DE /* ASIDownloadCache.h */ = {isa = PBXFileReference; fileEncoding = 4; lastKnownFileType = sourcecode.c.h; path = ASIDownloadCache.h; sourceTree = "<group>"; };
		27EA043713F8514D00E6D3DE /* ASIDownloadCache.m */ = {isa = PBXFileReference; fileEncoding = 4; lastKnownFileType = sourcecode.c.objc; path = ASIDownloadCache.m; sourceTree = "<group>"; };
		27EA043813F8514D00E6D3DE /* ASIFormDataRequest.h */ = {isa = PBXFileReference; fileEncoding = 4; lastKnownFileType = sourcecode.c.h; path = ASIFormDataRequest.h; sourceTree = "<group>"; };
		27EA043913F8514D00E6D3DE /* ASIFormDataRequest.m */ = {isa = PBXFileReference; fileEncoding = 4; lastKnownFileType = sourcecode.c.objc; path = ASIFormDataRequest.m; sourceTree = "<group>"; };
		27EA043A13F8514D00E6D3DE /* ASIHTTPRequest.h */ = {isa = PBXFileReference; fileEncoding = 4; lastKnownFileType = sourcecode.c.h; path = ASIHTTPRequest.h; sourceTree = "<group>"; };
		27EA043B13F8514D00E6D3DE /* ASIHTTPRequest.m */ = {isa = PBXFileReference; fileEncoding = 4; lastKnownFileType = sourcecode.c.objc; path = ASIHTTPRequest.m; sourceTree = "<group>"; };
		27EA043C13F8514D00E6D3DE /* ASIHTTPRequestConfig.h */ = {isa = PBXFileReference; fileEncoding = 4; lastKnownFileType = sourcecode.c.h; path = ASIHTTPRequestConfig.h; sourceTree = "<group>"; };
		27EA043D13F8514D00E6D3DE /* ASIHTTPRequestDelegate.h */ = {isa = PBXFileReference; fileEncoding = 4; lastKnownFileType = sourcecode.c.h; path = ASIHTTPRequestDelegate.h; sourceTree = "<group>"; };
		27EA043E13F8514D00E6D3DE /* ASIInputStream.h */ = {isa = PBXFileReference; fileEncoding = 4; lastKnownFileType = sourcecode.c.h; path = ASIInputStream.h; sourceTree = "<group>"; };
		27EA043F13F8514D00E6D3DE /* ASIInputStream.m */ = {isa = PBXFileReference; fileEncoding = 4; lastKnownFileType = sourcecode.c.objc; path = ASIInputStream.m; sourceTree = "<group>"; };
		27EA044013F8514D00E6D3DE /* ASINetworkQueue.h */ = {isa = PBXFileReference; fileEncoding = 4; lastKnownFileType = sourcecode.c.h; path = ASINetworkQueue.h; sourceTree = "<group>"; };
		27EA044113F8514D00E6D3DE /* ASINetworkQueue.m */ = {isa = PBXFileReference; fileEncoding = 4; lastKnownFileType = sourcecode.c.objc; path = ASINetworkQueue.m; sourceTree = "<group>"; };
		27EA044213F8514D00E6D3DE /* ASIProgressDelegate.h */ = {isa = PBXFileReference; fileEncoding = 4; lastKnownFileType = sourcecode.c.h; path = ASIProgressDelegate.h; sourceTree = "<group>"; };
		27EA044313F8514D00E6D3DE /* Reachability.h */ = {isa = PBXFileReference; fileEncoding = 4; lastKnownFileType = sourcecode.c.h; path = Reachability.h; sourceTree = "<group>"; };
		27EA044413F8514D00E6D3DE /* Reachability.m */ = {isa = PBXFileReference; fileEncoding = 4; lastKnownFileType = sourcecode.c.objc; path = Reachability.m; sourceTree = "<group>"; };
		27EA044613F8514D00E6D3DE /* JSONKit.h */ = {isa = PBXFileReference; fileEncoding = 4; lastKnownFileType = sourcecode.c.h; path = JSONKit.h; sourceTree = "<group>"; };
		27EA044713F8514D00E6D3DE /* JSONKit.m */ = {isa = PBXFileReference; fileEncoding = 4; lastKnownFileType = sourcecode.c.objc; path = JSONKit.m; sourceTree = "<group>"; };
		27EA045613F8519F00E6D3DE /* DBManager.h */ = {isa = PBXFileReference; fileEncoding = 4; lastKnownFileType = sourcecode.c.h; name = DBManager.h; path = Database/Core/DBManager.h; sourceTree = "<group>"; };
		27EA045713F8519F00E6D3DE /* DBManager.m */ = {isa = PBXFileReference; fileEncoding = 4; lastKnownFileType = sourcecode.c.objc; name = DBManager.m; path = Database/Core/DBManager.m; sourceTree = "<group>"; };
		27EA045913F851AD00E6D3DE /* CommonDAO.h */ = {isa = PBXFileReference; fileEncoding = 4; lastKnownFileType = sourcecode.c.h; name = CommonDAO.h; path = Database/DAOs/CommonDAO.h; sourceTree = "<group>"; };
		27EA045A13F851AD00E6D3DE /* CommonDAO.m */ = {isa = PBXFileReference; fileEncoding = 4; lastKnownFileType = sourcecode.c.objc; name = CommonDAO.m; path = Database/DAOs/CommonDAO.m; sourceTree = "<group>"; };
		27EA046213F851F800E6D3DE /* Tenaris_v1.0.sql */ = {isa = PBXFileReference; lastKnownFileType = file; name = Tenaris_v1.0.sql; path = Database/SQLs/Tenaris_v1.0.sql; sourceTree = "<group>"; };
		27EA046C13F87CD100E6D3DE /* Field.h */ = {isa = PBXFileReference; fileEncoding = 4; lastKnownFileType = sourcecode.c.h; name = Field.h; path = Database/Domain/Field.h; sourceTree = "<group>"; };
		27EA046D13F87CD200E6D3DE /* Field.m */ = {isa = PBXFileReference; fileEncoding = 4; lastKnownFileType = sourcecode.c.objc; name = Field.m; path = Database/Domain/Field.m; sourceTree = "<group>"; };
		27EA047B13F8803A00E6D3DE /* Form.h */ = {isa = PBXFileReference; fileEncoding = 4; lastKnownFileType = sourcecode.c.h; name = Form.h; path = Database/Domain/Form.h; sourceTree = "<group>"; };
		27EA047C13F8803A00E6D3DE /* Form.m */ = {isa = PBXFileReference; fileEncoding = 4; lastKnownFileType = sourcecode.c.objc; name = Form.m; path = Database/Domain/Form.m; sourceTree = "<group>"; };
		27EA047D13F8803A00E6D3DE /* MailType.h */ = {isa = PBXFileReference; fileEncoding = 4; lastKnownFileType = sourcecode.c.h; name = MailType.h; path = Database/Domain/MailType.h; sourceTree = "<group>"; };
		27EA047E13F8803A00E6D3DE /* MailType.m */ = {isa = PBXFileReference; fileEncoding = 4; lastKnownFileType = sourcecode.c.objc; name = MailType.m; path = Database/Domain/MailType.m; sourceTree = "<group>"; };
		27EA047F13F8803A00E6D3DE /* Message.h */ = {isa = PBXFileReference; fileEncoding = 4; lastKnownFileType = sourcecode.c.h; name = Message.h; path = Database/Domain/Message.h; sourceTree = "<group>"; };
		27EA048013F8803A00E6D3DE /* Message.m */ = {isa = PBXFileReference; fileEncoding = 4; lastKnownFileType = sourcecode.c.objc; name = Message.m; path = Database/Domain/Message.m; sourceTree = "<group>"; };
		27EA048113F8803A00E6D3DE /* Recipient.h */ = {isa = PBXFileReference; fileEncoding = 4; lastKnownFileType = sourcecode.c.h; name = Recipient.h; path = Database/Domain/Recipient.h; sourceTree = "<group>"; };
		27EA048213F8803B00E6D3DE /* Recipient.m */ = {isa = PBXFileReference; fileEncoding = 4; lastKnownFileType = sourcecode.c.objc; name = Recipient.m; path = Database/Domain/Recipient.m; sourceTree = "<group>"; };
		27EA048713F9E14500E6D3DE /* FieldDAO.h */ = {isa = PBXFileReference; fileEncoding = 4; lastKnownFileType = sourcecode.c.h; name = FieldDAO.h; path = Database/DAOs/FieldDAO.h; sourceTree = "<group>"; };
		27EA048813F9E14500E6D3DE /* FieldDAO.m */ = {isa = PBXFileReference; fileEncoding = 4; lastKnownFileType = sourcecode.c.objc; name = FieldDAO.m; path = Database/DAOs/FieldDAO.m; sourceTree = "<group>"; };
		27F537DF13D4DAF100A9B2A5 /* landscape-homepage.png */ = {isa = PBXFileReference; lastKnownFileType = image.png; name = "landscape-homepage.png"; path = "Resources/Images/landscape-homepage.png"; sourceTree = "<group>"; };
		27F537E213D4DC6000A9B2A5 /* landscape-homepage-featured.png */ = {isa = PBXFileReference; lastKnownFileType = image.png; name = "landscape-homepage-featured.png"; path = "Resources/Images/landscape-homepage-featured.png"; sourceTree = "<group>"; };
		27F537E413D4DE0500A9B2A5 /* portrait-homepage-featured.png */ = {isa = PBXFileReference; lastKnownFileType = image.png; name = "portrait-homepage-featured.png"; path = "Resources/Images/portrait-homepage-featured.png"; sourceTree = "<group>"; };
		27F537E513D4DE0500A9B2A5 /* portrait-homepage.png */ = {isa = PBXFileReference; lastKnownFileType = image.png; name = "portrait-homepage.png"; path = "Resources/Images/portrait-homepage.png"; sourceTree = "<group>"; };
		27F537E813D51BA000A9B2A5 /* popover-categories.png */ = {isa = PBXFileReference; lastKnownFileType = image.png; name = "popover-categories.png"; path = "Resources/Images/popover-categories.png"; sourceTree = "<group>"; };
		27F537E913D51BA000A9B2A5 /* popover-languages.png */ = {isa = PBXFileReference; lastKnownFileType = image.png; name = "popover-languages.png"; path = "Resources/Images/popover-languages.png"; sourceTree = "<group>"; };
		27F537EC13D9C25100A9B2A5 /* ContactController.h */ = {isa = PBXFileReference; fileEncoding = 4; lastKnownFileType = sourcecode.c.h; name = ContactController.h; path = Controllers/ContactController.h; sourceTree = "<group>"; };
		27F537ED13D9C25100A9B2A5 /* ContactController.m */ = {isa = PBXFileReference; fileEncoding = 4; lastKnownFileType = sourcecode.c.objc; name = ContactController.m; path = Controllers/ContactController.m; sourceTree = "<group>"; };
		27F537F413D9C58100A9B2A5 /* ContactController.xib */ = {isa = PBXFileReference; fileEncoding = 4; lastKnownFileType = file.xib; name = ContactController.xib; path = XIBs/ContactController.xib; sourceTree = "<group>"; };
		9505BB1C13CCB941003163D2 /* FastPdfKit.xcconfig */ = {isa = PBXFileReference; lastKnownFileType = text.xcconfig; path = FastPdfKit.xcconfig; sourceTree = "<group>"; };
		BC85626A13F1AD9C00D1D42C /* tenaris-header.png */ = {isa = PBXFileReference; lastKnownFileType = image.png; name = "tenaris-header.png"; path = "Resources/Images/tenaris-header.png"; sourceTree = "<group>"; };
		BC85626C13F1ADC300D1D42C /* icon.png */ = {isa = PBXFileReference; lastKnownFileType = image.png; name = icon.png; path = Resources/Images/icon.png; sourceTree = "<group>"; };
		BC94328313F5C2730062C8CF /* LoaderLandscape.png */ = {isa = PBXFileReference; lastKnownFileType = image.png; name = LoaderLandscape.png; path = Resources/Images/LoaderLandscape.png; sourceTree = "<group>"; };
		BC94328413F5C2730062C8CF /* LoaderPortrait.png */ = {isa = PBXFileReference; lastKnownFileType = image.png; name = LoaderPortrait.png; path = Resources/Images/LoaderPortrait.png; sourceTree = "<group>"; };
/* End PBXFileReference section */

/* Begin PBXFrameworksBuildPhase section */
		27D23AC413D45F59000D3FD5 /* Frameworks */ = {
			isa = PBXFrameworksBuildPhase;
			buildActionMask = 2147483647;
			files = (
				27EA042213F84F4E00E6D3DE /* libsqlite3.0.dylib in Frameworks */,
				2799ED4413DCC2E4009341C8 /* CoreVideo.framework in Frameworks */,
				2799ED4213DCC2DF009341C8 /* AudioToolbox.framework in Frameworks */,
				2799ED4013DCC2D5009341C8 /* QuartzCore.framework in Frameworks */,
				2799ED3E13DCC2CF009341C8 /* CoreMedia.framework in Frameworks */,
				2799ED3C13DCC2C5009341C8 /* MobileCoreServices.framework in Frameworks */,
				2799ED3A13DCC2C1009341C8 /* AVFoundation.framework in Frameworks */,
				2799ED3813DCC2B8009341C8 /* libz.1.2.3.dylib in Frameworks */,
				2799ED3613DCC2AF009341C8 /* CFNetwork.framework in Frameworks */,
				2799ED3413DCC2A9009341C8 /* libsqlite3.dylib in Frameworks */,
				2799ED3213DCC28D009341C8 /* Security.framework in Frameworks */,
				2799ED3013DCC284009341C8 /* SystemConfiguration.framework in Frameworks */,
				2799ED2E13DCC27C009341C8 /* MessageUI.framework in Frameworks */,
				27D23ACC13D45F5A000D3FD5 /* UIKit.framework in Frameworks */,
				27D23ACE13D45F5A000D3FD5 /* Foundation.framework in Frameworks */,
				27D23AD013D45F5A000D3FD5 /* CoreGraphics.framework in Frameworks */,
			);
			runOnlyForDeploymentPostprocessing = 0;
		};
/* End PBXFrameworksBuildPhase section */

/* Begin PBXGroup section */
		2731246D13DB7B4A0056EBA3 /* buttons */ = {
			isa = PBXGroup;
			children = (
				275E7C3A13F0FCA100BD771A /* btn-back.png */,
				2731244513DB7B430056EBA3 /* btn-category0-off.png */,
				2731244613DB7B430056EBA3 /* btn-category0-on.png */,
				2731244713DB7B430056EBA3 /* btn-category1-off.png */,
				2731244813DB7B430056EBA3 /* btn-category1-on.png */,
				2731244913DB7B430056EBA3 /* btn-category2-off.png */,
				2731244A13DB7B440056EBA3 /* btn-category2-on.png */,
				2731244B13DB7B440056EBA3 /* btn-category3-off.png */,
				2731244C13DB7B440056EBA3 /* btn-category3-on.png */,
				2731244D13DB7B440056EBA3 /* btn-category4-off.png */,
				2731244E13DB7B440056EBA3 /* btn-category4-on.png */,
				2731244F13DB7B440056EBA3 /* btn-category5-off.png */,
				2731245013DB7B440056EBA3 /* btn-category5-on.png */,
				2731245113DB7B440056EBA3 /* btn-category6-off.png */,
				2731245213DB7B450056EBA3 /* btn-category6-on.png */,
				2731245313DB7B450056EBA3 /* btn-sort1-off.png */,
				2731245413DB7B450056EBA3 /* btn-sort1-on.png */,
				2731245513DB7B450056EBA3 /* btn-sort2-off.png */,
				2731245613DB7B450056EBA3 /* btn-sort2-on.png */,
				2731241E13D9FCC50056EBA3 /* btn-my-library.png */,
				2731241F13D9FCC50056EBA3 /* btn-request-hard-copy.png */,
				2731242013D9FCC50056EBA3 /* btn-send-by-email.png */,
				2731242113D9FCC50056EBA3 /* btn-subtitle-off.png */,
				2731242213D9FCC50056EBA3 /* btn-subtitle-on.png */,
				2731241A13D9F2310056EBA3 /* btn-checkbox-off.png */,
				2731241B13D9F2310056EBA3 /* btn-checkbox-on.png */,
				272DD0B913D9D4F400F8EF89 /* btn-send.png */,
			);
			name = buttons;
			sourceTree = "<group>";
		};
		2731246E13DB7B7B0056EBA3 /* bg-landscape */ = {
			isa = PBXGroup;
			children = (
				27B3187A13DCE48E0088B87F /* landscape-category.png */,
				2731247C13DC843C0056EBA3 /* landscape-library.png */,
				2731245713DB7B450056EBA3 /* landscape-filters.png */,
				2731243913DA25120056EBA3 /* landscape-requestcopy.png */,
				272DD0BA13D9D4F400F8EF89 /* landscape-contact.png */,
				27F537E213D4DC6000A9B2A5 /* landscape-homepage-featured.png */,
				27F537DF13D4DAF100A9B2A5 /* landscape-homepage.png */,
				27D23B0013D46D9E000D3FD5 /* landscape-bg.png */,
			);
			name = "bg-landscape";
			sourceTree = "<group>";
		};
		2731246F13DB7B910056EBA3 /* bg-portrait */ = {
			isa = PBXGroup;
			children = (
				27B3187B13DCE48E0088B87F /* portrait-category.png */,
				2731247D13DC843E0056EBA3 /* portrait-library.png */,
				2731245813DB7B450056EBA3 /* portrait-filters.png */,
				2731243A13DA25120056EBA3 /* portrait-requestcopy.png */,
				272DD0BB13D9D4F400F8EF89 /* portrait-contact.png */,
				27F537E413D4DE0500A9B2A5 /* portrait-homepage-featured.png */,
				27F537E513D4DE0500A9B2A5 /* portrait-homepage.png */,
				27D23B0913D46F5D000D3FD5 /* portrait-bg.png */,
			);
			name = "bg-portrait";
			sourceTree = "<group>";
		};
		2731247013DB7BA50056EBA3 /* other */ = {
			isa = PBXGroup;
			children = (
				271BF50413FC92EF00ACBD28 /* txtField-incomplete-bg.png */,
				271BF50513FC92EF00ACBD28 /* txtView-incomplete-bg.png */,
				BC94328313F5C2730062C8CF /* LoaderLandscape.png */,
				BC94328413F5C2730062C8CF /* LoaderPortrait.png */,
				BC85626A13F1AD9C00D1D42C /* tenaris-header.png */,
				275E7C0813EDA2BD00BD771A /* starter.png */,
				2731247A13DC84370056EBA3 /* img-library-landscape.png */,
				27B3187813DCE48E0088B87F /* img-landscape-category.png */,
				27B3187913DCE48E0088B87F /* img-portrait-category.png */,
				2731247B13DC84370056EBA3 /* img-library-portrait.png */,
				2731247513DB998C0056EBA3 /* img-listing-filtered-landscape.png */,
				2731247213DB98DF0056EBA3 /* img-listing-filtered-portrait.png */,
				2731243813DA25120056EBA3 /* img-ebook-medium.png */,
				2731242313D9FCC50056EBA3 /* img-ebook-big.png */,
				27F537E813D51BA000A9B2A5 /* popover-categories.png */,
				27F537E913D51BA000A9B2A5 /* popover-languages.png */,
			);
			name = other;
			sourceTree = "<group>";
		};
		2757476013FA124D0093E65C /* Core */ = {
			isa = PBXGroup;
			children = (
				2776ED76140012FC0017EF4D /* ServiceImage.h */,
				2776ED77140012FC0017EF4D /* ServiceImage.m */,
				2757476113FA12790093E65C /* ServiceManager.h */,
				2757476213FA12790093E65C /* ServiceManager.m */,
			);
			name = Core;
			sourceTree = "<group>";
		};
		2776ED791400133B0017EF4D /* categories */ = {
			isa = PBXGroup;
			children = (
				2776ED7A1400134A0017EF4D /* CAT1.png */,
				2776ED7B1400134A0017EF4D /* CAT2.png */,
				2776ED7C1400134A0017EF4D /* CAT3.png */,
				2776ED7D1400134A0017EF4D /* CAT4.png */,
				2776ED7E1400134A0017EF4D /* CAT5.png */,
				2776ED7F1400134A0017EF4D /* CAT6.png */,
			);
			name = categories;
			sourceTree = "<group>";
		};
		2776ED861400277B0017EF4D /* tools */ = {
			isa = PBXGroup;
			children = (
				2776ED871400279D0017EF4D /* FileSystem.h */,
				2776ED881400279D0017EF4D /* FileSystem.m */,
			);
			name = tools;
			sourceTree = "<group>";
		};
		279386F213DCC1320006C031 /* PDFs Sample */ = {
			isa = PBXGroup;
			children = (
				279386F313DCC18D0006C031 /* Hot_Induction_BendEnglish.pdf */,
				279386F413DCC18D0006C031 /* PremiumConnectionsCatalogue_ENG.pdf */,
				279386F513DCC18D0006C031 /* PremiumConnectionSummaryFeb16.pdf */,
				279386F613DCC18D0006C031 /* Wedge_563_brochure_Espanol_100908.pdf */,
				279386F713DCC18D0006C031 /* Wedge_Brochure.pdf */,
			);
			name = "PDFs Sample";
			sourceTree = "<group>";
		};
		279E76A913F83090001EBDC0 /* Products */ = {
			isa = PBXGroup;
			children = (
				279E76B713F83090001EBDC0 /* FastPdfKit Sample.app */,
				279E76B913F83090001EBDC0 /* FastPdfKit Kiosk.app */,
				279E76BB13F83090001EBDC0 /* libFPKReaderLib.a */,
				279E76BD13F83090001EBDC0 /* libFPKKioskLib.a */,
				279E76BF13F83090001EBDC0 /* FPKKioskBundle.bundle */,
				279E76C113F83090001EBDC0 /* FPKReaderBundle.bundle */,
			);
			name = Products;
			sourceTree = "<group>";
		};
		27D23ABC13D45F59000D3FD5 = {
			isa = PBXGroup;
			children = (
				27D23AD113D45F5A000D3FD5 /* PDFLibrary */,
				27D23ACA13D45F5A000D3FD5 /* Frameworks */,
				27D23AC813D45F5A000D3FD5 /* Products */,
				279E76A813F83090001EBDC0 /* FastPdfKit.xcodeproj */,
				27EA041913F83C0E00E6D3DE /* Recovered References */,
			);
			sourceTree = "<group>";
		};
		27D23AC813D45F5A000D3FD5 /* Products */ = {
			isa = PBXGroup;
			children = (
				27D23AC713D45F5A000D3FD5 /* PDFLibrary.app */,
			);
			name = Products;
			sourceTree = "<group>";
		};
		27D23ACA13D45F5A000D3FD5 /* Frameworks */ = {
			isa = PBXGroup;
			children = (
				2799ED4313DCC2E4009341C8 /* CoreVideo.framework */,
				2799ED4113DCC2DF009341C8 /* AudioToolbox.framework */,
				2799ED3F13DCC2D5009341C8 /* QuartzCore.framework */,
				2799ED3D13DCC2CF009341C8 /* CoreMedia.framework */,
				2799ED3B13DCC2C5009341C8 /* MobileCoreServices.framework */,
				2799ED3913DCC2C1009341C8 /* AVFoundation.framework */,
				2799ED3713DCC2B8009341C8 /* libz.1.2.3.dylib */,
				27EA042113F84F4E00E6D3DE /* libsqlite3.0.dylib */,
				2799ED3313DCC2A9009341C8 /* libsqlite3.dylib */,
				2799ED3513DCC2AF009341C8 /* CFNetwork.framework */,
				2799ED3113DCC28D009341C8 /* Security.framework */,
				2799ED2F13DCC284009341C8 /* SystemConfiguration.framework */,
				2799ED2D13DCC27C009341C8 /* MessageUI.framework */,
				27D23ACB13D45F5A000D3FD5 /* UIKit.framework */,
				27D23ACD13D45F5A000D3FD5 /* Foundation.framework */,
				27D23ACF13D45F5A000D3FD5 /* CoreGraphics.framework */,
			);
			name = Frameworks;
			sourceTree = "<group>";
		};
		27D23AD113D45F5A000D3FD5 /* PDFLibrary */ = {
			isa = PBXGroup;
			children = (
				27EA042C13F8512700E6D3DE /* Services */,
				27EA042B13F8511900E6D3DE /* Database */,
				27D23AED13D461DE000D3FD5 /* Resources */,
				27D23AEC13D461C6000D3FD5 /* Controllers */,
				27D23AE513D46017000D3FD5 /* Core */,
				27D23AE613D4602D000D3FD5 /* XIBs */,
				27D23AD213D45F5A000D3FD5 /* Supporting Files */,
			);
			path = PDFLibrary;
			sourceTree = "<group>";
		};
		27D23AD213D45F5A000D3FD5 /* Supporting Files */ = {
			isa = PBXGroup;
			children = (
				279E76C413F830E7001EBDC0 /* FastPdfKit.xcconfig */,
				279E76C213F830D4001EBDC0 /* FPKReaderBundle.bundle */,
				27D23AF913D463A2000D3FD5 /* PDFLibrary-Info.plist */,
				27D23AF413D462DF000D3FD5 /* main.m */,
				27D23AF613D462DF000D3FD5 /* PDFLibrary-Prefix.pch */,
			);
			name = "Supporting Files";
			sourceTree = "<group>";
		};
		27D23AE513D46017000D3FD5 /* Core */ = {
			isa = PBXGroup;
			children = (
				27D23AE913D46111000D3FD5 /* PDFLibraryAppDelegate.h */,
				27D23AEA13D46111000D3FD5 /* PDFLibraryAppDelegate.m */,
			);
			name = Core;
			sourceTree = "<group>";
		};
		27D23AE613D4602D000D3FD5 /* XIBs */ = {
			isa = PBXGroup;
			children = (
				27B3188F13ED9FF60088B87F /* StartUpController.xib */,
				27B3188413DCE7C30088B87F /* CategoryController.xib */,
				2731248313DC86120056EBA3 /* LibraryController.xib */,
				2731244213DB7B270056EBA3 /* FiltersController.xib */,
				2731243513DA24B40056EBA3 /* RequestCopyController.xib */,
				2731242E13D9FF0E0056EBA3 /* EbookController.xib */,
				27F537F413D9C58100A9B2A5 /* ContactController.xib */,
				27D23B0213D46EBC000D3FD5 /* HomeController.xib */,
				27D23AE713D460FF000D3FD5 /* MainWindow.xib */,
				2757476F13FA1CBF0093E65C /* IndicatorControllerLandscape.xib */,
				2757477113FA1D250093E65C /* IndicatorControllerPortrait.xib */,
			);
			name = XIBs;
			sourceTree = "<group>";
		};
		27D23AEC13D461C6000D3FD5 /* Controllers */ = {
			isa = PBXGroup;
			children = (
				2757476A13FA1BA40093E65C /* IndicatorController.h */,
				2757476B13FA1BA40093E65C /* IndicatorController.m */,
				27B3189113EDA0200088B87F /* StartUpController.h */,
				27B3189213EDA0200088B87F /* StartUpController.m */,
				27B3188013DCE4B40088B87F /* CategoryController.h */,
				27B3188113DCE4B40088B87F /* CategoryController.m */,
				2731247713DC83B10056EBA3 /* LibraryController.h */,
				2731247813DC83B30056EBA3 /* LibraryController.m */,
				2731243E13DB7B1B0056EBA3 /* FiltersController.h */,
				2731243F13DB7B1B0056EBA3 /* FiltersController.m */,
				2731243113DA249B0056EBA3 /* RequestCopyController.h */,
				2731243213DA249B0056EBA3 /* RequestCopyController.m */,
				2731242A13D9FE820056EBA3 /* EbookController.h */,
				2731242B13D9FE820056EBA3 /* EbookController.m */,
				27F537EC13D9C25100A9B2A5 /* ContactController.h */,
				27F537ED13D9C25100A9B2A5 /* ContactController.m */,
				27D23B0413D46F29000D3FD5 /* HomeController.h */,
				27D23B0513D46F29000D3FD5 /* HomeController.m */,
			);
			name = Controllers;
			sourceTree = "<group>";
		};
		27D23AED13D461DE000D3FD5 /* Resources */ = {
			isa = PBXGroup;
			children = (
				2776ED861400277B0017EF4D /* tools */,
				279386F213DCC1320006C031 /* PDFs Sample */,
				27D23AEE13D461E8000D3FD5 /* Images */,
			);
			name = Resources;
			sourceTree = "<group>";
		};
		27D23AEE13D461E8000D3FD5 /* Images */ = {
			isa = PBXGroup;
			children = (
				2776ED791400133B0017EF4D /* categories */,
				BC85626713F1AC8300D1D42C /* icons */,
				2731246D13DB7B4A0056EBA3 /* buttons */,
				2731246E13DB7B7B0056EBA3 /* bg-landscape */,
				2731246F13DB7B910056EBA3 /* bg-portrait */,
				2731247013DB7BA50056EBA3 /* other */,
			);
			name = Images;
			sourceTree = "<group>";
		};
		27EA041913F83C0E00E6D3DE /* Recovered References */ = {
			isa = PBXGroup;
			children = (
				9505BB1C13CCB941003163D2 /* FastPdfKit.xcconfig */,
			);
			name = "Recovered References";
			sourceTree = "<group>";
		};
		27EA042B13F8511900E6D3DE /* Database */ = {
			isa = PBXGroup;
			children = (
				27EA045513F8517A00E6D3DE /* Core */,
				27EA045413F8517700E6D3DE /* SQLs */,
				27EA045313F8517400E6D3DE /* DAOs */,
				27EA045213F8517100E6D3DE /* Domain */,
			);
			name = Database;
			sourceTree = "<group>";
		};
		27EA042C13F8512700E6D3DE /* Services */ = {
			isa = PBXGroup;
			children = (
				2757476013FA124D0093E65C /* Core */,
				27EA042D13F8513700E6D3DE /* Libraries */,
			);
			name = Services;
			sourceTree = "<group>";
		};
		27EA042D13F8513700E6D3DE /* Libraries */ = {
			isa = PBXGroup;
			children = (
				27EA042E13F8514D00E6D3DE /* asi-http-request */,
				27EA044513F8514D00E6D3DE /* JSONKit */,
			);
			name = Libraries;
			sourceTree = "<group>";
		};
		27EA042E13F8514D00E6D3DE /* asi-http-request */ = {
			isa = PBXGroup;
			children = (
				27EA042F13F8514D00E6D3DE /* ASIAuthenticationDialog.h */,
				27EA043013F8514D00E6D3DE /* ASIAuthenticationDialog.m */,
				27EA043113F8514D00E6D3DE /* ASICacheDelegate.h */,
				27EA043213F8514D00E6D3DE /* ASIDataCompressor.h */,
				27EA043313F8514D00E6D3DE /* ASIDataCompressor.m */,
				27EA043413F8514D00E6D3DE /* ASIDataDecompressor.h */,
				27EA043513F8514D00E6D3DE /* ASIDataDecompressor.m */,
				27EA043613F8514D00E6D3DE /* ASIDownloadCache.h */,
				27EA043713F8514D00E6D3DE /* ASIDownloadCache.m */,
				27EA043813F8514D00E6D3DE /* ASIFormDataRequest.h */,
				27EA043913F8514D00E6D3DE /* ASIFormDataRequest.m */,
				27EA043A13F8514D00E6D3DE /* ASIHTTPRequest.h */,
				27EA043B13F8514D00E6D3DE /* ASIHTTPRequest.m */,
				27EA043C13F8514D00E6D3DE /* ASIHTTPRequestConfig.h */,
				27EA043D13F8514D00E6D3DE /* ASIHTTPRequestDelegate.h */,
				27EA043E13F8514D00E6D3DE /* ASIInputStream.h */,
				27EA043F13F8514D00E6D3DE /* ASIInputStream.m */,
				27EA044013F8514D00E6D3DE /* ASINetworkQueue.h */,
				27EA044113F8514D00E6D3DE /* ASINetworkQueue.m */,
				27EA044213F8514D00E6D3DE /* ASIProgressDelegate.h */,
				27EA044313F8514D00E6D3DE /* Reachability.h */,
				27EA044413F8514D00E6D3DE /* Reachability.m */,
			);
			name = "asi-http-request";
			path = "Services/lib/asi-http-request";
			sourceTree = "<group>";
		};
		27EA044513F8514D00E6D3DE /* JSONKit */ = {
			isa = PBXGroup;
			children = (
				27EA044613F8514D00E6D3DE /* JSONKit.h */,
				27EA044713F8514D00E6D3DE /* JSONKit.m */,
			);
			name = JSONKit;
			path = Services/lib/JSONKit;
			sourceTree = "<group>";
		};
		27EA045213F8517100E6D3DE /* Domain */ = {
			isa = PBXGroup;
			children = (
				2776ED70140012DA0017EF4D /* Category.h */,
				2776ED71140012DA0017EF4D /* Category.m */,
				2776ED72140012DA0017EF4D /* UpdatedImage.h */,
				2776ED73140012DA0017EF4D /* UpdatedImage.m */,
				27EA047B13F8803A00E6D3DE /* Form.h */,
				27EA047C13F8803A00E6D3DE /* Form.m */,
				27EA047D13F8803A00E6D3DE /* MailType.h */,
				27EA047E13F8803A00E6D3DE /* MailType.m */,
				27EA047F13F8803A00E6D3DE /* Message.h */,
				27EA048013F8803A00E6D3DE /* Message.m */,
				27EA048113F8803A00E6D3DE /* Recipient.h */,
				27EA048213F8803B00E6D3DE /* Recipient.m */,
				27EA046C13F87CD100E6D3DE /* Field.h */,
				27EA046D13F87CD200E6D3DE /* Field.m */,
				2757476413FA18E60093E65C /* Version.h */,
				2757476513FA18E60093E65C /* Version.m */,
			);
			name = Domain;
			sourceTree = "<group>";
		};
		27EA045313F8517400E6D3DE /* DAOs */ = {
			isa = PBXGroup;
			children = (
				2776ED6A140012AC0017EF4D /* CategoryDAO.h */,
				2776ED6B140012AC0017EF4D /* CategoryDAO.m */,
				2776ED6C140012AC0017EF4D /* UpdatedImageDAO.h */,
				2776ED6D140012AC0017EF4D /* UpdatedImageDAO.m */,
				27EA045913F851AD00E6D3DE /* CommonDAO.h */,
				27EA045A13F851AD00E6D3DE /* CommonDAO.m */,
				27EA048713F9E14500E6D3DE /* FieldDAO.h */,
				27EA048813F9E14500E6D3DE /* FieldDAO.m */,
				2757476713FA19300093E65C /* VersionDAO.h */,
				2757476813FA19300093E65C /* VersionDAO.m */,
				271BF50113FC88F100ACBD28 /* MessageDAO.h */,
				271BF50213FC88F100ACBD28 /* MessageDAO.m */,
			);
			name = DAOs;
			sourceTree = "<group>";
		};
		27EA045413F8517700E6D3DE /* SQLs */ = {
			isa = PBXGroup;
			children = (
				27EA046213F851F800E6D3DE /* Tenaris_v1.0.sql */,
			);
			name = SQLs;
			sourceTree = "<group>";
		};
		27EA045513F8517A00E6D3DE /* Core */ = {
			isa = PBXGroup;
			children = (
				27EA045613F8519F00E6D3DE /* DBManager.h */,
				27EA045713F8519F00E6D3DE /* DBManager.m */,
			);
			name = Core;
			sourceTree = "<group>";
		};
		BC85626713F1AC8300D1D42C /* icons */ = {
			isa = PBXGroup;
			children = (
				BC85626C13F1ADC300D1D42C /* icon.png */,
			);
			name = icons;
			sourceTree = "<group>";
		};
/* End PBXGroup section */

/* Begin PBXNativeTarget section */
		27D23AC613D45F59000D3FD5 /* PDFLibrary */ = {
			isa = PBXNativeTarget;
			buildConfigurationList = 27D23AE213D45F5A000D3FD5 /* Build configuration list for PBXNativeTarget "PDFLibrary" */;
			buildPhases = (
				27D23AC313D45F59000D3FD5 /* Sources */,
				27D23AC413D45F59000D3FD5 /* Frameworks */,
				27D23AC513D45F59000D3FD5 /* Resources */,
			);
			buildRules = (
			);
			dependencies = (
			);
			name = PDFLibrary;
			productName = PDFLibrary;
			productReference = 27D23AC713D45F5A000D3FD5 /* PDFLibrary.app */;
			productType = "com.apple.product-type.application";
		};
/* End PBXNativeTarget section */

/* Begin PBXProject section */
		27D23ABE13D45F59000D3FD5 /* Project object */ = {
			isa = PBXProject;
			attributes = {
				ORGANIZATIONNAME = TheAppMaster;
			};
			buildConfigurationList = 27D23AC113D45F59000D3FD5 /* Build configuration list for PBXProject "PDFLibrary" */;
			compatibilityVersion = "Xcode 3.2";
			developmentRegion = English;
			hasScannedForEncodings = 0;
			knownRegions = (
				en,
			);
			mainGroup = 27D23ABC13D45F59000D3FD5;
			productRefGroup = 27D23AC813D45F5A000D3FD5 /* Products */;
			projectDirPath = "";
			projectReferences = (
				{
					ProductGroup = 279E76A913F83090001EBDC0 /* Products */;
					ProjectRef = 279E76A813F83090001EBDC0 /* FastPdfKit.xcodeproj */;
				},
			);
			projectRoot = "";
			targets = (
				27D23AC613D45F59000D3FD5 /* PDFLibrary */,
			);
		};
/* End PBXProject section */

/* Begin PBXReferenceProxy section */
		279E76B713F83090001EBDC0 /* FastPdfKit Sample.app */ = {
			isa = PBXReferenceProxy;
			fileType = wrapper.application;
			path = "FastPdfKit Sample.app";
			remoteRef = 279E76B613F83090001EBDC0 /* PBXContainerItemProxy */;
			sourceTree = BUILT_PRODUCTS_DIR;
		};
		279E76B913F83090001EBDC0 /* FastPdfKit Kiosk.app */ = {
			isa = PBXReferenceProxy;
			fileType = wrapper.application;
			path = "FastPdfKit Kiosk.app";
			remoteRef = 279E76B813F83090001EBDC0 /* PBXContainerItemProxy */;
			sourceTree = BUILT_PRODUCTS_DIR;
		};
		279E76BB13F83090001EBDC0 /* libFPKReaderLib.a */ = {
			isa = PBXReferenceProxy;
			fileType = archive.ar;
			path = libFPKReaderLib.a;
			remoteRef = 279E76BA13F83090001EBDC0 /* PBXContainerItemProxy */;
			sourceTree = BUILT_PRODUCTS_DIR;
		};
		279E76BD13F83090001EBDC0 /* libFPKKioskLib.a */ = {
			isa = PBXReferenceProxy;
			fileType = archive.ar;
			path = libFPKKioskLib.a;
			remoteRef = 279E76BC13F83090001EBDC0 /* PBXContainerItemProxy */;
			sourceTree = BUILT_PRODUCTS_DIR;
		};
		279E76BF13F83090001EBDC0 /* FPKKioskBundle.bundle */ = {
			isa = PBXReferenceProxy;
			fileType = wrapper.cfbundle;
			path = FPKKioskBundle.bundle;
			remoteRef = 279E76BE13F83090001EBDC0 /* PBXContainerItemProxy */;
			sourceTree = BUILT_PRODUCTS_DIR;
		};
		279E76C113F83090001EBDC0 /* FPKReaderBundle.bundle */ = {
			isa = PBXReferenceProxy;
			fileType = wrapper.cfbundle;
			path = FPKReaderBundle.bundle;
			remoteRef = 279E76C013F83090001EBDC0 /* PBXContainerItemProxy */;
			sourceTree = BUILT_PRODUCTS_DIR;
		};
/* End PBXReferenceProxy section */

/* Begin PBXResourcesBuildPhase section */
		27D23AC513D45F59000D3FD5 /* Resources */ = {
			isa = PBXResourcesBuildPhase;
			buildActionMask = 2147483647;
			files = (
				279E76C613F833B8001EBDC0 /* PDFLibrary-Info.plist in Resources */,
				27D23AE813D460FF000D3FD5 /* MainWindow.xib in Resources */,
				27D23B0113D46D9E000D3FD5 /* landscape-bg.png in Resources */,
				27D23B0313D46EBD000D3FD5 /* HomeController.xib in Resources */,
				27D23B0A13D46F5D000D3FD5 /* portrait-bg.png in Resources */,
				27F537E013D4DAF100A9B2A5 /* landscape-homepage.png in Resources */,
				27F537E313D4DC6000A9B2A5 /* landscape-homepage-featured.png in Resources */,
				27F537E613D4DE0500A9B2A5 /* portrait-homepage-featured.png in Resources */,
				27F537E713D4DE0500A9B2A5 /* portrait-homepage.png in Resources */,
				27F537EA13D51BA000A9B2A5 /* popover-categories.png in Resources */,
				27F537EB13D51BA000A9B2A5 /* popover-languages.png in Resources */,
				27F537F613D9C58100A9B2A5 /* ContactController.xib in Resources */,
				272DD0BD13D9D4F400F8EF89 /* btn-send.png in Resources */,
				272DD0BE13D9D4F400F8EF89 /* landscape-contact.png in Resources */,
				272DD0BF13D9D4F400F8EF89 /* portrait-contact.png in Resources */,
				2731241C13D9F2310056EBA3 /* btn-checkbox-off.png in Resources */,
				2731241D13D9F2310056EBA3 /* btn-checkbox-on.png in Resources */,
				2731242413D9FCC50056EBA3 /* btn-my-library.png in Resources */,
				2731242513D9FCC50056EBA3 /* btn-request-hard-copy.png in Resources */,
				2731242613D9FCC50056EBA3 /* btn-send-by-email.png in Resources */,
				2731242713D9FCC50056EBA3 /* btn-subtitle-off.png in Resources */,
				2731242813D9FCC50056EBA3 /* btn-subtitle-on.png in Resources */,
				2731242913D9FCC50056EBA3 /* img-ebook-big.png in Resources */,
				2731243013D9FF0E0056EBA3 /* EbookController.xib in Resources */,
				2731243713DA24B50056EBA3 /* RequestCopyController.xib in Resources */,
				2731243B13DA25120056EBA3 /* img-ebook-medium.png in Resources */,
				2731243C13DA25120056EBA3 /* landscape-requestcopy.png in Resources */,
				2731243D13DA25120056EBA3 /* portrait-requestcopy.png in Resources */,
				2731244413DB7B270056EBA3 /* FiltersController.xib in Resources */,
				2731245913DB7B460056EBA3 /* btn-category0-off.png in Resources */,
				2731245A13DB7B460056EBA3 /* btn-category0-on.png in Resources */,
				2731245B13DB7B460056EBA3 /* btn-category1-off.png in Resources */,
				2731245C13DB7B460056EBA3 /* btn-category1-on.png in Resources */,
				2731245D13DB7B460056EBA3 /* btn-category2-off.png in Resources */,
				2731245E13DB7B460056EBA3 /* btn-category2-on.png in Resources */,
				2731245F13DB7B460056EBA3 /* btn-category3-off.png in Resources */,
				2731246013DB7B460056EBA3 /* btn-category3-on.png in Resources */,
				2731246113DB7B460056EBA3 /* btn-category4-off.png in Resources */,
				2731246213DB7B460056EBA3 /* btn-category4-on.png in Resources */,
				2731246313DB7B460056EBA3 /* btn-category5-off.png in Resources */,
				2731246413DB7B460056EBA3 /* btn-category5-on.png in Resources */,
				2731246513DB7B460056EBA3 /* btn-category6-off.png in Resources */,
				2731246613DB7B460056EBA3 /* btn-category6-on.png in Resources */,
				2731246713DB7B460056EBA3 /* btn-sort1-off.png in Resources */,
				2731246813DB7B460056EBA3 /* btn-sort1-on.png in Resources */,
				2731246913DB7B460056EBA3 /* btn-sort2-off.png in Resources */,
				2731246A13DB7B460056EBA3 /* btn-sort2-on.png in Resources */,
				2731246B13DB7B460056EBA3 /* landscape-filters.png in Resources */,
				2731246C13DB7B460056EBA3 /* portrait-filters.png in Resources */,
				2731247413DB98DF0056EBA3 /* img-listing-filtered-portrait.png in Resources */,
				2731247613DB998C0056EBA3 /* img-listing-filtered-landscape.png in Resources */,
				2731247E13DC84410056EBA3 /* img-library-landscape.png in Resources */,
				2731247F13DC84410056EBA3 /* img-library-portrait.png in Resources */,
				2731248013DC84410056EBA3 /* landscape-library.png in Resources */,
				2731248113DC84410056EBA3 /* portrait-library.png in Resources */,
				2731248513DC86120056EBA3 /* LibraryController.xib in Resources */,
				279386F813DCC18D0006C031 /* Hot_Induction_BendEnglish.pdf in Resources */,
				279386F913DCC18D0006C031 /* PremiumConnectionsCatalogue_ENG.pdf in Resources */,
				279386FA13DCC18D0006C031 /* PremiumConnectionSummaryFeb16.pdf in Resources */,
				279386FB13DCC18D0006C031 /* Wedge_563_brochure_Espanol_100908.pdf in Resources */,
				279386FC13DCC18D0006C031 /* Wedge_Brochure.pdf in Resources */,
				27B3187C13DCE48E0088B87F /* img-landscape-category.png in Resources */,
				27B3187D13DCE48E0088B87F /* img-portrait-category.png in Resources */,
				27B3187E13DCE48E0088B87F /* landscape-category.png in Resources */,
				27B3187F13DCE48E0088B87F /* portrait-category.png in Resources */,
				27B3188613DCE7C30088B87F /* CategoryController.xib in Resources */,
				27B3189013ED9FF60088B87F /* StartUpController.xib in Resources */,
				275E7C0913EDA2BD00BD771A /* starter.png in Resources */,
				275E7C3B13F0FCA100BD771A /* btn-back.png in Resources */,
				BC85626B13F1AD9C00D1D42C /* tenaris-header.png in Resources */,
				BC85626D13F1ADC300D1D42C /* icon.png in Resources */,
				BC94328513F5C2730062C8CF /* LoaderLandscape.png in Resources */,
				BC94328613F5C2730062C8CF /* LoaderPortrait.png in Resources */,
				279E76C313F830D4001EBDC0 /* FPKReaderBundle.bundle in Resources */,
				279E76C513F830E7001EBDC0 /* FastPdfKit.xcconfig in Resources */,
				27EA046313F851F800E6D3DE /* Tenaris_v1.0.sql in Resources */,
				2757477013FA1CBF0093E65C /* IndicatorControllerLandscape.xib in Resources */,
				2757477213FA1D250093E65C /* IndicatorControllerPortrait.xib in Resources */,
				271BF50613FC92EF00ACBD28 /* txtField-incomplete-bg.png in Resources */,
				271BF50713FC92EF00ACBD28 /* txtView-incomplete-bg.png in Resources */,
				2776ED801400134A0017EF4D /* CAT1.png in Resources */,
				2776ED811400134A0017EF4D /* CAT2.png in Resources */,
				2776ED821400134A0017EF4D /* CAT3.png in Resources */,
				2776ED831400134A0017EF4D /* CAT4.png in Resources */,
				2776ED841400134A0017EF4D /* CAT5.png in Resources */,
				2776ED851400134A0017EF4D /* CAT6.png in Resources */,
			);
			runOnlyForDeploymentPostprocessing = 0;
		};
/* End PBXResourcesBuildPhase section */

/* Begin PBXSourcesBuildPhase section */
		27D23AC313D45F59000D3FD5 /* Sources */ = {
			isa = PBXSourcesBuildPhase;
			buildActionMask = 2147483647;
			files = (
				27D23AEB13D46111000D3FD5 /* PDFLibraryAppDelegate.m in Sources */,
				27D23AF713D462DF000D3FD5 /* main.m in Sources */,
				27D23B0613D46F29000D3FD5 /* HomeController.m in Sources */,
				27F537EE13D9C25100A9B2A5 /* ContactController.m in Sources */,
				2731242C13D9FE820056EBA3 /* EbookController.m in Sources */,
				2731243313DA249B0056EBA3 /* RequestCopyController.m in Sources */,
				2731244013DB7B1B0056EBA3 /* FiltersController.m in Sources */,
				2731247913DC83B50056EBA3 /* LibraryController.m in Sources */,
				27B3188213DCE4B40088B87F /* CategoryController.m in Sources */,
				27B3189313EDA0210088B87F /* StartUpController.m in Sources */,
				27EA044813F8514D00E6D3DE /* ASIAuthenticationDialog.m in Sources */,
				27EA044913F8514D00E6D3DE /* ASIDataCompressor.m in Sources */,
				27EA044A13F8514D00E6D3DE /* ASIDataDecompressor.m in Sources */,
				27EA044B13F8514D00E6D3DE /* ASIDownloadCache.m in Sources */,
				27EA044C13F8514D00E6D3DE /* ASIFormDataRequest.m in Sources */,
				27EA044D13F8514D00E6D3DE /* ASIHTTPRequest.m in Sources */,
				27EA044E13F8514D00E6D3DE /* ASIInputStream.m in Sources */,
				27EA044F13F8514D00E6D3DE /* ASINetworkQueue.m in Sources */,
				27EA045013F8514D00E6D3DE /* Reachability.m in Sources */,
				27EA045113F8514D00E6D3DE /* JSONKit.m in Sources */,
				27EA045813F8519F00E6D3DE /* DBManager.m in Sources */,
				27EA045D13F851AD00E6D3DE /* CommonDAO.m in Sources */,
				27EA046E13F87CD200E6D3DE /* Field.m in Sources */,
				27EA048313F8803B00E6D3DE /* Form.m in Sources */,
				27EA048413F8803B00E6D3DE /* MailType.m in Sources */,
				27EA048513F8803B00E6D3DE /* Message.m in Sources */,
				27EA048613F8803B00E6D3DE /* Recipient.m in Sources */,
				27EA048913F9E14500E6D3DE /* FieldDAO.m in Sources */,
				2757476313FA12790093E65C /* ServiceManager.m in Sources */,
				2757476613FA18E60093E65C /* Version.m in Sources */,
				2757476913FA19300093E65C /* VersionDAO.m in Sources */,
				2757476C13FA1BA40093E65C /* IndicatorController.m in Sources */,
				271BF50313FC88F100ACBD28 /* MessageDAO.m in Sources */,
				2776ED6E140012AC0017EF4D /* CategoryDAO.m in Sources */,
				2776ED6F140012AC0017EF4D /* UpdatedImageDAO.m in Sources */,
				2776ED74140012DA0017EF4D /* Category.m in Sources */,
				2776ED75140012DA0017EF4D /* UpdatedImage.m in Sources */,
				2776ED78140012FC0017EF4D /* ServiceImage.m in Sources */,
				2776ED891400279D0017EF4D /* FileSystem.m in Sources */,
			);
			runOnlyForDeploymentPostprocessing = 0;
		};
/* End PBXSourcesBuildPhase section */

/* Begin XCBuildConfiguration section */
		27D23AE013D45F5A000D3FD5 /* Debug */ = {
			isa = XCBuildConfiguration;
			buildSettings = {
				ARCHS = "$(ARCHS_UNIVERSAL_IPHONE_OS)";
				CODE_SIGN_IDENTITY = "iPhone Developer: David RamÃ­rez Chiappe (FLUZN3RQDS)";
				"CODE_SIGN_IDENTITY[sdk=iphoneos*]" = "iPhone Developer: David RamÃ­rez Chiappe (FLUZN3RQDS)";
				GCC_C_LANGUAGE_STANDARD = gnu99;
				GCC_OPTIMIZATION_LEVEL = 0;
				GCC_PREPROCESSOR_DEFINITIONS = DEBUG;
				GCC_SYMBOLS_PRIVATE_EXTERN = NO;
				GCC_VERSION = com.apple.compilers.llvmgcc42;
				GCC_WARN_ABOUT_RETURN_TYPE = YES;
				GCC_WARN_UNUSED_VARIABLE = YES;
				INFOPLIST_FILE = "";
				IPHONEOS_DEPLOYMENT_TARGET = 4.3;
				PROVISIONING_PROFILE = "EDD18D90-E2FF-4290-96DB-B87847B20F9B";
				"PROVISIONING_PROFILE[sdk=iphoneos*]" = "EDD18D90-E2FF-4290-96DB-B87847B20F9B";
				SDKROOT = iphoneos;
				TARGETED_DEVICE_FAMILY = 2;
			};
			name = Debug;
		};
		27D23AE113D45F5A000D3FD5 /* Release */ = {
			isa = XCBuildConfiguration;
			buildSettings = {
				ARCHS = "$(ARCHS_UNIVERSAL_IPHONE_OS)";
				CODE_SIGN_IDENTITY = "iPhone Developer: David RamÃ­rez Chiappe (FLUZN3RQDS)";
				"CODE_SIGN_IDENTITY[sdk=iphoneos*]" = "iPhone Developer: David RamÃ­rez Chiappe (FLUZN3RQDS)";
				GCC_C_LANGUAGE_STANDARD = gnu99;
				GCC_VERSION = com.apple.compilers.llvmgcc42;
				GCC_WARN_ABOUT_RETURN_TYPE = YES;
				GCC_WARN_UNUSED_VARIABLE = YES;
				INFOPLIST_FILE = "";
				IPHONEOS_DEPLOYMENT_TARGET = 4.3;
				OTHER_CFLAGS = "-DNS_BLOCK_ASSERTIONS=1";
				PROVISIONING_PROFILE = "EDD18D90-E2FF-4290-96DB-B87847B20F9B";
				"PROVISIONING_PROFILE[sdk=iphoneos*]" = "EDD18D90-E2FF-4290-96DB-B87847B20F9B";
				SDKROOT = iphoneos;
				TARGETED_DEVICE_FAMILY = 2;
			};
			name = Release;
		};
		27D23AE313D45F5A000D3FD5 /* Debug */ = {
			isa = XCBuildConfiguration;
			baseConfigurationReference = 279E76C413F830E7001EBDC0 /* FastPdfKit.xcconfig */;
			buildSettings = {
				ALWAYS_SEARCH_USER_PATHS = NO;
				CODE_SIGN_IDENTITY = "iPhone Developer: David RamÃ­rez Chiappe (FLUZN3RQDS)";
				"CODE_SIGN_IDENTITY[sdk=iphoneos*]" = "iPhone Developer: David RamÃ­rez Chiappe (FLUZN3RQDS)";
				COPY_PHASE_STRIP = NO;
				GCC_DYNAMIC_NO_PIC = NO;
				GCC_PRECOMPILE_PREFIX_HEADER = YES;
				GCC_PREFIX_HEADER = "PDFLibrary/PDFLibrary-Prefix.pch";
				INFOPLIST_FILE = "PDFLibrary/PDFLibrary-Info.plist";
				PRODUCT_NAME = "$(TARGET_NAME)";
				PROVISIONING_PROFILE = "7024167F-72C2-4E23-9AAE-862C665A3B1A";
				"PROVISIONING_PROFILE[sdk=iphoneos*]" = "7024167F-72C2-4E23-9AAE-862C665A3B1A";
				WRAPPER_EXTENSION = app;
			};
			name = Debug;
		};
		27D23AE413D45F5A000D3FD5 /* Release */ = {
			isa = XCBuildConfiguration;
			baseConfigurationReference = 279E76C413F830E7001EBDC0 /* FastPdfKit.xcconfig */;
			buildSettings = {
				ALWAYS_SEARCH_USER_PATHS = NO;
				CODE_SIGN_IDENTITY = "iPhone Developer: David RamÃ­rez Chiappe (FLUZN3RQDS)";
				"CODE_SIGN_IDENTITY[sdk=iphoneos*]" = "iPhone Developer: David RamÃ­rez Chiappe (FLUZN3RQDS)";
				COPY_PHASE_STRIP = YES;
				GCC_PRECOMPILE_PREFIX_HEADER = YES;
				GCC_PREFIX_HEADER = "PDFLibrary/PDFLibrary-Prefix.pch";
				INFOPLIST_FILE = "PDFLibrary/PDFLibrary-Info.plist";
				PRODUCT_NAME = "$(TARGET_NAME)";
				PROVISIONING_PROFILE = "7024167F-72C2-4E23-9AAE-862C665A3B1A";
				"PROVISIONING_PROFILE[sdk=iphoneos*]" = "7024167F-72C2-4E23-9AAE-862C665A3B1A";
				VALIDATE_PRODUCT = YES;
				WRAPPER_EXTENSION = app;
			};
			name = Release;
		};
/* End XCBuildConfiguration section */

/* Begin XCConfigurationList section */
		27D23AC113D45F59000D3FD5 /* Build configuration list for PBXProject "PDFLibrary" */ = {
			isa = XCConfigurationList;
			buildConfigurations = (
				27D23AE013D45F5A000D3FD5 /* Debug */,
				27D23AE113D45F5A000D3FD5 /* Release */,
			);
			defaultConfigurationIsVisible = 0;
			defaultConfigurationName = Release;
		};
		27D23AE213D45F5A000D3FD5 /* Build configuration list for PBXNativeTarget "PDFLibrary" */ = {
			isa = XCConfigurationList;
			buildConfigurations = (
				27D23AE313D45F5A000D3FD5 /* Debug */,
				27D23AE413D45F5A000D3FD5 /* Release */,
			);
			defaultConfigurationIsVisible = 0;
			defaultConfigurationName = Release;
		};
/* End XCConfigurationList section */
	};
	rootObject = 27D23ABE13D45F59000D3FD5 /* Project object */;
}
